// !$*UTF8*$!
{
	archiveVersion = 1;
	classes = {
	};
	objectVersion = 50;
	objects = {

/* Begin PBXBuildFile section */
		A7800A4924B155C400E1A372 /* AppDelegate.m in Sources */ = {isa = PBXBuildFile; fileRef = A7800A4824B155C400E1A372 /* AppDelegate.m */; };
		A7800A4C24B155C400E1A372 /* ViewController.m in Sources */ = {isa = PBXBuildFile; fileRef = A7800A4B24B155C400E1A372 /* ViewController.m */; };
		A7800A4E24B155C700E1A372 /* Assets.xcassets in Resources */ = {isa = PBXBuildFile; fileRef = A7800A4D24B155C700E1A372 /* Assets.xcassets */; };
		A7800A5124B155C700E1A372 /* Main.storyboard in Resources */ = {isa = PBXBuildFile; fileRef = A7800A4F24B155C700E1A372 /* Main.storyboard */; };
		A7800A6424B1609A00E1A372 /* main.cpp in Sources */ = {isa = PBXBuildFile; fileRef = A7800A6224B1609A00E1A372 /* main.cpp */; };
		A7800A6624B161C800E1A372 /* OpenGL.framework in Frameworks */ = {isa = PBXBuildFile; fileRef = A7800A6524B161C800E1A372 /* OpenGL.framework */; };
		A7800A6B24B1631200E1A372 /* glad.c in Sources */ = {isa = PBXBuildFile; fileRef = A7800A6924B1631200E1A372 /* glad.c */; };
		A7800A7224B165CC00E1A372 /* libglfw.3.3.dylib in Embed Libraries */ = {isa = PBXBuildFile; fileRef = A7800A7024B165CC00E1A372 /* libglfw.3.3.dylib */; settings = {ATTRIBUTES = (CodeSignOnCopy, ); }; };
		A7800A7424B1673E00E1A372 /* libglfw.3.3.dylib in Frameworks */ = {isa = PBXBuildFile; fileRef = A7800A7024B165CC00E1A372 /* libglfw.3.3.dylib */; };
/* End PBXBuildFile section */

/* Begin PBXCopyFilesBuildPhase section */
		A7800A7324B165CC00E1A372 /* Embed Libraries */ = {
			isa = PBXCopyFilesBuildPhase;
			buildActionMask = 2147483647;
			dstPath = "";
			dstSubfolderSpec = 10;
			files = (
				A7800A7224B165CC00E1A372 /* libglfw.3.3.dylib in Embed Libraries */,
			);
			name = "Embed Libraries";
			runOnlyForDeploymentPostprocessing = 0;
		};
/* End PBXCopyFilesBuildPhase section */

/* Begin PBXFileReference section */
		A7800A4424B155C400E1A372 /* GLFW-MACDemo.app */ = {isa = PBXFileReference; explicitFileType = wrapper.application; includeInIndex = 0; path = "GLFW-MACDemo.app"; sourceTree = BUILT_PRODUCTS_DIR; };
		A7800A4724B155C400E1A372 /* AppDelegate.h */ = {isa = PBXFileReference; lastKnownFileType = sourcecode.c.h; path = AppDelegate.h; sourceTree = "<group>"; };
		A7800A4824B155C400E1A372 /* AppDelegate.m */ = {isa = PBXFileReference; lastKnownFileType = sourcecode.c.objc; path = AppDelegate.m; sourceTree = "<group>"; };
		A7800A4A24B155C400E1A372 /* ViewController.h */ = {isa = PBXFileReference; lastKnownFileType = sourcecode.c.h; path = ViewController.h; sourceTree = "<group>"; };
		A7800A4B24B155C400E1A372 /* ViewController.m */ = {isa = PBXFileReference; lastKnownFileType = sourcecode.c.objc; path = ViewController.m; sourceTree = "<group>"; };
		A7800A4D24B155C700E1A372 /* Assets.xcassets */ = {isa = PBXFileReference; lastKnownFileType = folder.assetcatalog; path = Assets.xcassets; sourceTree = "<group>"; };
		A7800A5024B155C700E1A372 /* Base */ = {isa = PBXFileReference; lastKnownFileType = file.storyboard; name = Base; path = Base.lproj/Main.storyboard; sourceTree = "<group>"; };
		A7800A5224B155C700E1A372 /* Info.plist */ = {isa = PBXFileReference; lastKnownFileType = text.plist.xml; path = Info.plist; sourceTree = "<group>"; };
		A7800A5524B155C700E1A372 /* GLFW_MACDemo.entitlements */ = {isa = PBXFileReference; lastKnownFileType = text.plist.entitlements; path = GLFW_MACDemo.entitlements; sourceTree = "<group>"; };
		A7800A5C24B157F100E1A372 /* libglfw3.a */ = {isa = PBXFileReference; lastKnownFileType = archive.ar; name = libglfw3.a; path = "../../../../../../Downloads/glfw-3.3.2.bin.MACOS/lib-macos/libglfw3.a"; sourceTree = "<group>"; };
		A7800A6224B1609A00E1A372 /* main.cpp */ = {isa = PBXFileReference; lastKnownFileType = sourcecode.cpp.cpp; path = main.cpp; sourceTree = "<group>"; };
		A7800A6324B1609A00E1A372 /* main.hpp */ = {isa = PBXFileReference; lastKnownFileType = sourcecode.cpp.h; path = main.hpp; sourceTree = "<group>"; };
		A7800A6524B161C800E1A372 /* OpenGL.framework */ = {isa = PBXFileReference; lastKnownFileType = wrapper.framework; name = OpenGL.framework; path = System/Library/Frameworks/OpenGL.framework; sourceTree = SDKROOT; };
		A7800A6824B1631200E1A372 /* glad.h */ = {isa = PBXFileReference; fileEncoding = 4; lastKnownFileType = sourcecode.c.h; path = glad.h; sourceTree = "<group>"; };
		A7800A6924B1631200E1A372 /* glad.c */ = {isa = PBXFileReference; fileEncoding = 4; lastKnownFileType = sourcecode.c.c; path = glad.c; sourceTree = "<group>"; };
		A7800A6A24B1631200E1A372 /* khrplatform.h */ = {isa = PBXFileReference; fileEncoding = 4; lastKnownFileType = sourcecode.c.h; path = khrplatform.h; sourceTree = "<group>"; };
		A7800A6C24B1651D00E1A372 /* libglfw.3.dylib */ = {isa = PBXFileReference; lastKnownFileType = "compiled.mach-o.dylib"; name = libglfw.3.dylib; path = "../../../../../../Downloads/glfw-3.3.2.bin.MACOS/lib-macos/libglfw.3.dylib"; sourceTree = "<group>"; };
		A7800A7024B165CC00E1A372 /* libglfw.3.3.dylib */ = {isa = PBXFileReference; lastKnownFileType = "compiled.mach-o.dylib"; name = libglfw.3.3.dylib; path = ../../../../../../../../usr/local/Cellar/glfw/3.3.2/lib/libglfw.3.3.dylib; sourceTree = "<group>"; };
/* End PBXFileReference section */

/* Begin PBXFrameworksBuildPhase section */
		A7800A4124B155C400E1A372 /* Frameworks */ = {
			isa = PBXFrameworksBuildPhase;
			buildActionMask = 2147483647;
			files = (
				A7800A6624B161C800E1A372 /* OpenGL.framework in Frameworks */,
				A7800A7424B1673E00E1A372 /* libglfw.3.3.dylib in Frameworks */,
			);
			runOnlyForDeploymentPostprocessing = 0;
		};
/* End PBXFrameworksBuildPhase section */

/* Begin PBXGroup section */
		A7800A3B24B155C400E1A372 = {
			isa = PBXGroup;
			children = (
				A7800A4624B155C400E1A372 /* GLFW-MACDemo */,
				A7800A4524B155C400E1A372 /* Products */,
				A7800A5B24B157F100E1A372 /* Frameworks */,
			);
			sourceTree = "<group>";
		};
		A7800A4524B155C400E1A372 /* Products */ = {
			isa = PBXGroup;
			children = (
				A7800A4424B155C400E1A372 /* GLFW-MACDemo.app */,
			);
			name = Products;
			sourceTree = "<group>";
		};
		A7800A4624B155C400E1A372 /* GLFW-MACDemo */ = {
			isa = PBXGroup;
			children = (
				A7800A6724B1631200E1A372 /* glad */,
				A7800A4724B155C400E1A372 /* AppDelegate.h */,
				A7800A4824B155C400E1A372 /* AppDelegate.m */,
				A7800A4A24B155C400E1A372 /* ViewController.h */,
				A7800A4B24B155C400E1A372 /* ViewController.m */,
				A7800A4D24B155C700E1A372 /* Assets.xcassets */,
				A7800A4F24B155C700E1A372 /* Main.storyboard */,
				A7800A5224B155C700E1A372 /* Info.plist */,
				A7800A6224B1609A00E1A372 /* main.cpp */,
				A7800A6324B1609A00E1A372 /* main.hpp */,
				A7800A5524B155C700E1A372 /* GLFW_MACDemo.entitlements */,
			);
			path = "GLFW-MACDemo";
			sourceTree = "<group>";
		};
		A7800A5B24B157F100E1A372 /* Frameworks */ = {
			isa = PBXGroup;
			children = (
				A7800A7024B165CC00E1A372 /* libglfw.3.3.dylib */,
				A7800A6C24B1651D00E1A372 /* libglfw.3.dylib */,
				A7800A6524B161C800E1A372 /* OpenGL.framework */,
				A7800A5C24B157F100E1A372 /* libglfw3.a */,
			);
			name = Frameworks;
			sourceTree = "<group>";
		};
		A7800A6724B1631200E1A372 /* glad */ = {
			isa = PBXGroup;
			children = (
				A7800A6824B1631200E1A372 /* glad.h */,
				A7800A6924B1631200E1A372 /* glad.c */,
				A7800A6A24B1631200E1A372 /* khrplatform.h */,
			);
			path = glad;
			sourceTree = "<group>";
		};
/* End PBXGroup section */

/* Begin PBXNativeTarget section */
		A7800A4324B155C400E1A372 /* GLFW-MACDemo */ = {
			isa = PBXNativeTarget;
			buildConfigurationList = A7800A5824B155C700E1A372 /* Build configuration list for PBXNativeTarget "GLFW-MACDemo" */;
			buildPhases = (
				A7800A4024B155C400E1A372 /* Sources */,
				A7800A4124B155C400E1A372 /* Frameworks */,
				A7800A4224B155C400E1A372 /* Resources */,
				A7800A7324B165CC00E1A372 /* Embed Libraries */,
			);
			buildRules = (
			);
			dependencies = (
			);
			name = "GLFW-MACDemo";
			productName = "GLFW-MACDemo";
			productReference = A7800A4424B155C400E1A372 /* GLFW-MACDemo.app */;
			productType = "com.apple.product-type.application";
		};
/* End PBXNativeTarget section */

/* Begin PBXProject section */
		A7800A3C24B155C400E1A372 /* Project object */ = {
			isa = PBXProject;
			attributes = {
				LastUpgradeCheck = 1150;
				ORGANIZATIONNAME = Melody;
				TargetAttributes = {
					A7800A4324B155C400E1A372 = {
						CreatedOnToolsVersion = 11.5;
					};
				};
			};
			buildConfigurationList = A7800A3F24B155C400E1A372 /* Build configuration list for PBXProject "GLFW-MACDemo" */;
			compatibilityVersion = "Xcode 9.3";
			developmentRegion = en;
			hasScannedForEncodings = 0;
			knownRegions = (
				en,
				Base,
			);
			mainGroup = A7800A3B24B155C400E1A372;
			productRefGroup = A7800A4524B155C400E1A372 /* Products */;
			projectDirPath = "";
			projectRoot = "";
			targets = (
				A7800A4324B155C400E1A372 /* GLFW-MACDemo */,
			);
		};
/* End PBXProject section */

/* Begin PBXResourcesBuildPhase section */
		A7800A4224B155C400E1A372 /* Resources */ = {
			isa = PBXResourcesBuildPhase;
			buildActionMask = 2147483647;
			files = (
				A7800A4E24B155C700E1A372 /* Assets.xcassets in Resources */,
				A7800A5124B155C700E1A372 /* Main.storyboard in Resources */,
			);
			runOnlyForDeploymentPostprocessing = 0;
		};
/* End PBXResourcesBuildPhase section */

/* Begin PBXSourcesBuildPhase section */
		A7800A4024B155C400E1A372 /* Sources */ = {
			isa = PBXSourcesBuildPhase;
			buildActionMask = 2147483647;
			files = (
				A7800A4C24B155C400E1A372 /* ViewController.m in Sources */,
				A7800A6424B1609A00E1A372 /* main.cpp in Sources */,
				A7800A4924B155C400E1A372 /* AppDelegate.m in Sources */,
				A7800A6B24B1631200E1A372 /* glad.c in Sources */,
			);
			runOnlyForDeploymentPostprocessing = 0;
		};
/* End PBXSourcesBuildPhase section */

/* Begin PBXVariantGroup section */
		A7800A4F24B155C700E1A372 /* Main.storyboard */ = {
			isa = PBXVariantGroup;
			children = (
				A7800A5024B155C700E1A372 /* Base */,
			);
			name = Main.storyboard;
			sourceTree = "<group>";
		};
/* End PBXVariantGroup section */

/* Begin XCBuildConfiguration section */
		A7800A5624B155C700E1A372 /* Debug */ = {
			isa = XCBuildConfiguration;
			buildSettings = {
				ALWAYS_SEARCH_USER_PATHS = NO;
				CLANG_ANALYZER_NONNULL = YES;
				CLANG_ANALYZER_NUMBER_OBJECT_CONVERSION = YES_AGGRESSIVE;
				CLANG_CXX_LANGUAGE_STANDARD = "gnu++14";
				CLANG_CXX_LIBRARY = "libc++";
				CLANG_ENABLE_MODULES = YES;
				CLANG_ENABLE_OBJC_ARC = YES;
				CLANG_ENABLE_OBJC_WEAK = YES;
				CLANG_WARN_BLOCK_CAPTURE_AUTORELEASING = YES;
				CLANG_WARN_BOOL_CONVERSION = YES;
				CLANG_WARN_COMMA = YES;
				CLANG_WARN_CONSTANT_CONVERSION = YES;
				CLANG_WARN_DEPRECATED_OBJC_IMPLEMENTATIONS = YES;
				CLANG_WARN_DIRECT_OBJC_ISA_USAGE = YES_ERROR;
				CLANG_WARN_DOCUMENTATION_COMMENTS = YES;
				CLANG_WARN_EMPTY_BODY = YES;
				CLANG_WARN_ENUM_CONVERSION = YES;
				CLANG_WARN_INFINITE_RECURSION = YES;
				CLANG_WARN_INT_CONVERSION = YES;
				CLANG_WARN_NON_LITERAL_NULL_CONVERSION = YES;
				CLANG_WARN_OBJC_IMPLICIT_RETAIN_SELF = YES;
				CLANG_WARN_OBJC_LITERAL_CONVERSION = YES;
				CLANG_WARN_OBJC_ROOT_CLASS = YES_ERROR;
				CLANG_WARN_RANGE_LOOP_ANALYSIS = YES;
				CLANG_WARN_STRICT_PROTOTYPES = YES;
				CLANG_WARN_SUSPICIOUS_MOVE = YES;
				CLANG_WARN_UNGUARDED_AVAILABILITY = YES_AGGRESSIVE;
				CLANG_WARN_UNREACHABLE_CODE = YES;
				CLANG_WARN__DUPLICATE_METHOD_MATCH = YES;
				COPY_PHASE_STRIP = NO;
				DEBUG_INFORMATION_FORMAT = dwarf;
				ENABLE_STRICT_OBJC_MSGSEND = YES;
				ENABLE_TESTABILITY = YES;
				GCC_C_LANGUAGE_STANDARD = gnu11;
				GCC_DYNAMIC_NO_PIC = NO;
				GCC_NO_COMMON_BLOCKS = YES;
				GCC_OPTIMIZATION_LEVEL = 0;
				GCC_PREPROCESSOR_DEFINITIONS = (
					"DEBUG=1",
					"$(inherited)",
				);
				GCC_WARN_64_TO_32_BIT_CONVERSION = YES;
				GCC_WARN_ABOUT_RETURN_TYPE = YES_ERROR;
				GCC_WARN_UNDECLARED_SELECTOR = YES;
				GCC_WARN_UNINITIALIZED_AUTOS = YES_AGGRESSIVE;
				GCC_WARN_UNUSED_FUNCTION = YES;
				GCC_WARN_UNUSED_VARIABLE = YES;
				MACOSX_DEPLOYMENT_TARGET = 10.15;
				MTL_ENABLE_DEBUG_INFO = INCLUDE_SOURCE;
				MTL_FAST_MATH = YES;
				ONLY_ACTIVE_ARCH = YES;
				SDKROOT = macosx;
			};
			name = Debug;
		};
		A7800A5724B155C700E1A372 /* Release */ = {
			isa = XCBuildConfiguration;
			buildSettings = {
				ALWAYS_SEARCH_USER_PATHS = NO;
				CLANG_ANALYZER_NONNULL = YES;
				CLANG_ANALYZER_NUMBER_OBJECT_CONVERSION = YES_AGGRESSIVE;
				CLANG_CXX_LANGUAGE_STANDARD = "gnu++14";
				CLANG_CXX_LIBRARY = "libc++";
				CLANG_ENABLE_MODULES = YES;
				CLANG_ENABLE_OBJC_ARC = YES;
				CLANG_ENABLE_OBJC_WEAK = YES;
				CLANG_WARN_BLOCK_CAPTURE_AUTORELEASING = YES;
				CLANG_WARN_BOOL_CONVERSION = YES;
				CLANG_WARN_COMMA = YES;
				CLANG_WARN_CONSTANT_CONVERSION = YES;
				CLANG_WARN_DEPRECATED_OBJC_IMPLEMENTATIONS = YES;
				CLANG_WARN_DIRECT_OBJC_ISA_USAGE = YES_ERROR;
				CLANG_WARN_DOCUMENTATION_COMMENTS = YES;
				CLANG_WARN_EMPTY_BODY = YES;
				CLANG_WARN_ENUM_CONVERSION = YES;
				CLANG_WARN_INFINITE_RECURSION = YES;
				CLANG_WARN_INT_CONVERSION = YES;
				CLANG_WARN_NON_LITERAL_NULL_CONVERSION = YES;
				CLANG_WARN_OBJC_IMPLICIT_RETAIN_SELF = YES;
				CLANG_WARN_OBJC_LITERAL_CONVERSION = YES;
				CLANG_WARN_OBJC_ROOT_CLASS = YES_ERROR;
				CLANG_WARN_RANGE_LOOP_ANALYSIS = YES;
				CLANG_WARN_STRICT_PROTOTYPES = YES;
				CLANG_WARN_SUSPICIOUS_MOVE = YES;
				CLANG_WARN_UNGUARDED_AVAILABILITY = YES_AGGRESSIVE;
				CLANG_WARN_UNREACHABLE_CODE = YES;
				CLANG_WARN__DUPLICATE_METHOD_MATCH = YES;
				COPY_PHASE_STRIP = NO;
				DEBUG_INFORMATION_FORMAT = "dwarf-with-dsym";
				ENABLE_NS_ASSERTIONS = NO;
				ENABLE_STRICT_OBJC_MSGSEND = YES;
				GCC_C_LANGUAGE_STANDARD = gnu11;
				GCC_NO_COMMON_BLOCKS = YES;
				GCC_WARN_64_TO_32_BIT_CONVERSION = YES;
				GCC_WARN_ABOUT_RETURN_TYPE = YES_ERROR;
				GCC_WARN_UNDECLARED_SELECTOR = YES;
				GCC_WARN_UNINITIALIZED_AUTOS = YES_AGGRESSIVE;
				GCC_WARN_UNUSED_FUNCTION = YES;
				GCC_WARN_UNUSED_VARIABLE = YES;
				MACOSX_DEPLOYMENT_TARGET = 10.15;
				MTL_ENABLE_DEBUG_INFO = NO;
				MTL_FAST_MATH = YES;
				SDKROOT = macosx;
			};
			name = Release;
		};
		A7800A5924B155C700E1A372 /* Debug */ = {
			isa = XCBuildConfiguration;
			buildSettings = {
				ASSETCATALOG_COMPILER_APPICON_NAME = AppIcon;
				CODE_SIGN_ENTITLEMENTS = "GLFW-MACDemo/GLFW_MACDemo.entitlements";
				CODE_SIGN_STYLE = Automatic;
				COMBINE_HIDPI_IMAGES = YES;
				DEVELOPMENT_TEAM = VC4Q56U472;
				ENABLE_HARDENED_RUNTIME = YES;
				HEADER_SEARCH_PATHS = (
					/usr/local/Cellar/glew/2.1.0_1/include,
					/usr/local/Cellar/glfw/3.3.2/include,
				);
				INFOPLIST_FILE = "GLFW-MACDemo/Info.plist";
				LD_RUNPATH_SEARCH_PATHS = (
					"$(inherited)",
					"@executable_path/../Frameworks",
				);
				LIBRARY_SEARCH_PATHS = (
					/usr/local/Cellar/glfw/3.3.2/lib,
					/usr/local/Cellar/glew/2.1.0_1/lib,
				);
				OTHER_LDFLAGS = "";
				PRODUCT_BUNDLE_IDENTIFIER = "com.melody.GLFW-MACDemo";
				PRODUCT_NAME = "$(TARGET_NAME)";
			};
			name = Debug;
		};
		A7800A5A24B155C700E1A372 /* Release */ = {
			isa = XCBuildConfiguration;
			buildSettings = {
				ASSETCATALOG_COMPILER_APPICON_NAME = AppIcon;
				CODE_SIGN_ENTITLEMENTS = "GLFW-MACDemo/GLFW_MACDemo.entitlements";
				CODE_SIGN_STYLE = Automatic;
				COMBINE_HIDPI_IMAGES = YES;
				DEVELOPMENT_TEAM = VC4Q56U472;
				ENABLE_HARDENED_RUNTIME = YES;
				HEADER_SEARCH_PATHS = (
					/usr/local/Cellar/glew/2.1.0_1/include,
					/usr/local/Cellar/glfw/3.3.2/include,
				);
				INFOPLIST_FILE = "GLFW-MACDemo/Info.plist";
				LD_RUNPATH_SEARCH_PATHS = (
					"$(inherited)",
					"@executable_path/../Frameworks",
				);
				LIBRARY_SEARCH_PATHS = (
					/usr/local/Cellar/glfw/3.3.2/lib,
					/usr/local/Cellar/glew/2.1.0_1/lib,
				);
				OTHER_LDFLAGS = "";
				PRODUCT_BUNDLE_IDENTIFIER = "com.melody.GLFW-MACDemo";
				PRODUCT_NAME = "$(TARGET_NAME)";
			};
			name = Release;
		};
/* End XCBuildConfiguration section */

/* Begin XCConfigurationList section */
		A7800A3F24B155C400E1A372 /* Build configuration list for PBXProject "GLFW-MACDemo" */ = {
			isa = XCConfigurationList;
			buildConfigurations = (
				A7800A5624B155C700E1A372 /* Debug */,
				A7800A5724B155C700E1A372 /* Release */,
			);
			defaultConfigurationIsVisible = 0;
			defaultConfigurationName = Release;
		};
		A7800A5824B155C700E1A372 /* Build configuration list for PBXNativeTarget "GLFW-MACDemo" */ = {
			isa = XCConfigurationList;
			buildConfigurations = (
				A7800A5924B155C700E1A372 /* Debug */,
				A7800A5A24B155C700E1A372 /* Release */,
			);
			defaultConfigurationIsVisible = 0;
			defaultConfigurationName = Release;
		};
/* End XCConfigurationList section */
	};
	rootObject = A7800A3C24B155C400E1A372 /* Project object */;
}
