// !$*UTF8*$!
{
	archiveVersion = 1;
	classes = {
	};
	objectVersion = 50;
	objects = {

/* Begin PBXBuildFile section */
		CD5F76B42489DFA40077AF4A /* AppDelegate.m in Sources */ = {isa = PBXBuildFile; fileRef = CD5F76B32489DFA40077AF4A /* AppDelegate.m */; };
		CD5F76B72489DFA40077AF4A /* SceneDelegate.m in Sources */ = {isa = PBXBuildFile; fileRef = CD5F76B62489DFA40077AF4A /* SceneDelegate.m */; };
		CD5F76BA2489DFA40077AF4A /* ViewController.m in Sources */ = {isa = PBXBuildFile; fileRef = CD5F76B92489DFA40077AF4A /* ViewController.m */; };
		CD5F76BD2489DFA40077AF4A /* Main.storyboard in Resources */ = {isa = PBXBuildFile; fileRef = CD5F76BB2489DFA40077AF4A /* Main.storyboard */; };
		CD5F76BF2489DFA60077AF4A /* Assets.xcassets in Resources */ = {isa = PBXBuildFile; fileRef = CD5F76BE2489DFA60077AF4A /* Assets.xcassets */; };
		CD5F76C22489DFA60077AF4A /* LaunchScreen.storyboard in Resources */ = {isa = PBXBuildFile; fileRef = CD5F76C02489DFA60077AF4A /* LaunchScreen.storyboard */; };
		CD5F76C52489DFA60077AF4A /* main.m in Sources */ = {isa = PBXBuildFile; fileRef = CD5F76C42489DFA60077AF4A /* main.m */; };
		CD5F76D32489E0540077AF4A /* AppDelegate.m in Sources */ = {isa = PBXBuildFile; fileRef = CD5F76D22489E0540077AF4A /* AppDelegate.m */; };
		CD5F76D62489E0540077AF4A /* SceneDelegate.m in Sources */ = {isa = PBXBuildFile; fileRef = CD5F76D52489E0540077AF4A /* SceneDelegate.m */; };
		CD5F76D92489E0540077AF4A /* ViewController.m in Sources */ = {isa = PBXBuildFile; fileRef = CD5F76D82489E0540077AF4A /* ViewController.m */; };
		CD5F76DC2489E0540077AF4A /* Main.storyboard in Resources */ = {isa = PBXBuildFile; fileRef = CD5F76DA2489E0540077AF4A /* Main.storyboard */; };
		CD5F76DE2489E0550077AF4A /* Assets.xcassets in Resources */ = {isa = PBXBuildFile; fileRef = CD5F76DD2489E0550077AF4A /* Assets.xcassets */; };
		CD5F76E12489E0550077AF4A /* LaunchScreen.storyboard in Resources */ = {isa = PBXBuildFile; fileRef = CD5F76DF2489E0550077AF4A /* LaunchScreen.storyboard */; };
		CD5F76E42489E0550077AF4A /* main.m in Sources */ = {isa = PBXBuildFile; fileRef = CD5F76E32489E0550077AF4A /* main.m */; };
		CD5F76EB2489E14A0077AF4A /* source.jpg in Resources */ = {isa = PBXBuildFile; fileRef = CD5F76EA2489E14A0077AF4A /* source.jpg */; };
		CD5F76F42489E1760077AF4A /* AppDelegate.m in Sources */ = {isa = PBXBuildFile; fileRef = CD5F76F32489E1760077AF4A /* AppDelegate.m */; };
		CD5F76F72489E1760077AF4A /* SceneDelegate.m in Sources */ = {isa = PBXBuildFile; fileRef = CD5F76F62489E1760077AF4A /* SceneDelegate.m */; };
		CD5F76FA2489E1760077AF4A /* ViewController.m in Sources */ = {isa = PBXBuildFile; fileRef = CD5F76F92489E1760077AF4A /* ViewController.m */; };
		CD5F76FD2489E1760077AF4A /* Main.storyboard in Resources */ = {isa = PBXBuildFile; fileRef = CD5F76FB2489E1760077AF4A /* Main.storyboard */; };
		CD5F76FF2489E1770077AF4A /* Assets.xcassets in Resources */ = {isa = PBXBuildFile; fileRef = CD5F76FE2489E1770077AF4A /* Assets.xcassets */; };
		CD5F77022489E1770077AF4A /* LaunchScreen.storyboard in Resources */ = {isa = PBXBuildFile; fileRef = CD5F77002489E1770077AF4A /* LaunchScreen.storyboard */; };
		CD5F77052489E1770077AF4A /* main.m in Sources */ = {isa = PBXBuildFile; fileRef = CD5F77042489E1770077AF4A /* main.m */; };
		CD5F77182489E1B90077AF4A /* shader.fsh in Resources */ = {isa = PBXBuildFile; fileRef = CD5F77142489E1B90077AF4A /* shader.fsh */; };
		CD5F77192489E1B90077AF4A /* shader.vsh in Resources */ = {isa = PBXBuildFile; fileRef = CD5F77152489E1B90077AF4A /* shader.vsh */; };
		CD5F771A2489E1B90077AF4A /* GLESView.m in Sources */ = {isa = PBXBuildFile; fileRef = CD5F77162489E1B90077AF4A /* GLESView.m */; };
		CD5F771B2489E1B90077AF4A /* source.jpg in Resources */ = {isa = PBXBuildFile; fileRef = CD5F77172489E1B90077AF4A /* source.jpg */; };
		CD5F77242489E20F0077AF4A /* AppDelegate.m in Sources */ = {isa = PBXBuildFile; fileRef = CD5F77232489E20F0077AF4A /* AppDelegate.m */; };
		CD5F77272489E20F0077AF4A /* SceneDelegate.m in Sources */ = {isa = PBXBuildFile; fileRef = CD5F77262489E20F0077AF4A /* SceneDelegate.m */; };
		CD5F772A2489E20F0077AF4A /* ViewController.m in Sources */ = {isa = PBXBuildFile; fileRef = CD5F77292489E20F0077AF4A /* ViewController.m */; };
		CD5F772D2489E20F0077AF4A /* Main.storyboard in Resources */ = {isa = PBXBuildFile; fileRef = CD5F772B2489E20F0077AF4A /* Main.storyboard */; };
		CD5F772F2489E2110077AF4A /* Assets.xcassets in Resources */ = {isa = PBXBuildFile; fileRef = CD5F772E2489E2110077AF4A /* Assets.xcassets */; };
		CD5F77322489E2110077AF4A /* LaunchScreen.storyboard in Resources */ = {isa = PBXBuildFile; fileRef = CD5F77302489E2110077AF4A /* LaunchScreen.storyboard */; };
		CD5F77352489E2110077AF4A /* main.m in Sources */ = {isa = PBXBuildFile; fileRef = CD5F77342489E2110077AF4A /* main.m */; };
		CD5F773F2489E2340077AF4A /* shader.fsh in Resources */ = {isa = PBXBuildFile; fileRef = CD5F773B2489E2340077AF4A /* shader.fsh */; };
		CD5F77402489E2340077AF4A /* shader.vsh in Resources */ = {isa = PBXBuildFile; fileRef = CD5F773C2489E2340077AF4A /* shader.vsh */; };
		CD5F77422489E2340077AF4A /* source.jpg in Resources */ = {isa = PBXBuildFile; fileRef = CD5F773E2489E2340077AF4A /* source.jpg */; };
		CD5F77532489E3890077AF4A /* GLESUtils.m in Sources */ = {isa = PBXBuildFile; fileRef = CD5F774D2489E3890077AF4A /* GLESUtils.m */; };
		CD5F77542489E3890077AF4A /* GLESMath.c in Sources */ = {isa = PBXBuildFile; fileRef = CD5F774F2489E3890077AF4A /* GLESMath.c */; };
		CD5F775D2489E3A90077AF4A /* AppDelegate.m in Sources */ = {isa = PBXBuildFile; fileRef = CD5F775C2489E3A90077AF4A /* AppDelegate.m */; };
		CD5F77602489E3AA0077AF4A /* SceneDelegate.m in Sources */ = {isa = PBXBuildFile; fileRef = CD5F775F2489E3AA0077AF4A /* SceneDelegate.m */; };
		CD5F77662489E3AA0077AF4A /* Main.storyboard in Resources */ = {isa = PBXBuildFile; fileRef = CD5F77642489E3AA0077AF4A /* Main.storyboard */; };
		CD5F77682489E3AB0077AF4A /* Assets.xcassets in Resources */ = {isa = PBXBuildFile; fileRef = CD5F77672489E3AB0077AF4A /* Assets.xcassets */; };
		CD5F776B2489E3AB0077AF4A /* LaunchScreen.storyboard in Resources */ = {isa = PBXBuildFile; fileRef = CD5F77692489E3AB0077AF4A /* LaunchScreen.storyboard */; };
		CD5F776E2489E3AB0077AF4A /* main.m in Sources */ = {isa = PBXBuildFile; fileRef = CD5F776D2489E3AB0077AF4A /* main.m */; };
		CD5F77732489E3CE0077AF4A /* source.jpg in Resources */ = {isa = PBXBuildFile; fileRef = CD5F77722489E3CE0077AF4A /* source.jpg */; };
		CDCA3E64248A331F003F619B /* LearnESView.m in Sources */ = {isa = PBXBuildFile; fileRef = CDCA3E63248A331F003F619B /* LearnESView.m */; };
		CDCA3E67248A3D65003F619B /* YZGLViewContrller.m in Sources */ = {isa = PBXBuildFile; fileRef = CDCA3E66248A3D65003F619B /* YZGLViewContrller.m */; };
/* End PBXBuildFile section */

/* Begin PBXFileReference section */
		CD5F76AF2489DFA40077AF4A /* Mirco-OpenGLESDemo.app */ = {isa = PBXFileReference; explicitFileType = wrapper.application; includeInIndex = 0; path = "Mirco-OpenGLESDemo.app"; sourceTree = BUILT_PRODUCTS_DIR; };
		CD5F76B22489DFA40077AF4A /* AppDelegate.h */ = {isa = PBXFileReference; lastKnownFileType = sourcecode.c.h; path = AppDelegate.h; sourceTree = "<group>"; };
		CD5F76B32489DFA40077AF4A /* AppDelegate.m */ = {isa = PBXFileReference; lastKnownFileType = sourcecode.c.objc; path = AppDelegate.m; sourceTree = "<group>"; };
		CD5F76B52489DFA40077AF4A /* SceneDelegate.h */ = {isa = PBXFileReference; lastKnownFileType = sourcecode.c.h; path = SceneDelegate.h; sourceTree = "<group>"; };
		CD5F76B62489DFA40077AF4A /* SceneDelegate.m */ = {isa = PBXFileReference; lastKnownFileType = sourcecode.c.objc; path = SceneDelegate.m; sourceTree = "<group>"; };
		CD5F76B82489DFA40077AF4A /* ViewController.h */ = {isa = PBXFileReference; lastKnownFileType = sourcecode.c.h; path = ViewController.h; sourceTree = "<group>"; };
		CD5F76B92489DFA40077AF4A /* ViewController.m */ = {isa = PBXFileReference; lastKnownFileType = sourcecode.c.objc; path = ViewController.m; sourceTree = "<group>"; };
		CD5F76BC2489DFA40077AF4A /* Base */ = {isa = PBXFileReference; lastKnownFileType = file.storyboard; name = Base; path = Base.lproj/Main.storyboard; sourceTree = "<group>"; };
		CD5F76BE2489DFA60077AF4A /* Assets.xcassets */ = {isa = PBXFileReference; lastKnownFileType = folder.assetcatalog; path = Assets.xcassets; sourceTree = "<group>"; };
		CD5F76C12489DFA60077AF4A /* Base */ = {isa = PBXFileReference; lastKnownFileType = file.storyboard; name = Base; path = Base.lproj/LaunchScreen.storyboard; sourceTree = "<group>"; };
		CD5F76C32489DFA60077AF4A /* Info.plist */ = {isa = PBXFileReference; lastKnownFileType = text.plist.xml; path = Info.plist; sourceTree = "<group>"; };
		CD5F76C42489DFA60077AF4A /* main.m */ = {isa = PBXFileReference; lastKnownFileType = sourcecode.c.objc; path = main.m; sourceTree = "<group>"; };
		CD5F76CF2489E0540077AF4A /* 001.GLKit.app */ = {isa = PBXFileReference; explicitFileType = wrapper.application; includeInIndex = 0; path = 001.GLKit.app; sourceTree = BUILT_PRODUCTS_DIR; };
		CD5F76D12489E0540077AF4A /* AppDelegate.h */ = {isa = PBXFileReference; lastKnownFileType = sourcecode.c.h; path = AppDelegate.h; sourceTree = "<group>"; };
		CD5F76D22489E0540077AF4A /* AppDelegate.m */ = {isa = PBXFileReference; lastKnownFileType = sourcecode.c.objc; path = AppDelegate.m; sourceTree = "<group>"; };
		CD5F76D42489E0540077AF4A /* SceneDelegate.h */ = {isa = PBXFileReference; lastKnownFileType = sourcecode.c.h; path = SceneDelegate.h; sourceTree = "<group>"; };
		CD5F76D52489E0540077AF4A /* SceneDelegate.m */ = {isa = PBXFileReference; lastKnownFileType = sourcecode.c.objc; path = SceneDelegate.m; sourceTree = "<group>"; };
		CD5F76D72489E0540077AF4A /* ViewController.h */ = {isa = PBXFileReference; lastKnownFileType = sourcecode.c.h; path = ViewController.h; sourceTree = "<group>"; };
		CD5F76D82489E0540077AF4A /* ViewController.m */ = {isa = PBXFileReference; lastKnownFileType = sourcecode.c.objc; path = ViewController.m; sourceTree = "<group>"; };
		CD5F76DB2489E0540077AF4A /* Base */ = {isa = PBXFileReference; lastKnownFileType = file.storyboard; name = Base; path = Base.lproj/Main.storyboard; sourceTree = "<group>"; };
		CD5F76DD2489E0550077AF4A /* Assets.xcassets */ = {isa = PBXFileReference; lastKnownFileType = folder.assetcatalog; path = Assets.xcassets; sourceTree = "<group>"; };
		CD5F76E02489E0550077AF4A /* Base */ = {isa = PBXFileReference; lastKnownFileType = file.storyboard; name = Base; path = Base.lproj/LaunchScreen.storyboard; sourceTree = "<group>"; };
		CD5F76E22489E0550077AF4A /* Info.plist */ = {isa = PBXFileReference; lastKnownFileType = text.plist.xml; path = Info.plist; sourceTree = "<group>"; };
		CD5F76E32489E0550077AF4A /* main.m */ = {isa = PBXFileReference; lastKnownFileType = sourcecode.c.objc; path = main.m; sourceTree = "<group>"; };
		CD5F76EA2489E14A0077AF4A /* source.jpg */ = {isa = PBXFileReference; lastKnownFileType = image.jpeg; path = source.jpg; sourceTree = "<group>"; };
		CD5F76F02489E1760077AF4A /* 002.Shader.app */ = {isa = PBXFileReference; explicitFileType = wrapper.application; includeInIndex = 0; path = 002.Shader.app; sourceTree = BUILT_PRODUCTS_DIR; };
		CD5F76F22489E1760077AF4A /* AppDelegate.h */ = {isa = PBXFileReference; lastKnownFileType = sourcecode.c.h; path = AppDelegate.h; sourceTree = "<group>"; };
		CD5F76F32489E1760077AF4A /* AppDelegate.m */ = {isa = PBXFileReference; lastKnownFileType = sourcecode.c.objc; path = AppDelegate.m; sourceTree = "<group>"; };
		CD5F76F52489E1760077AF4A /* SceneDelegate.h */ = {isa = PBXFileReference; lastKnownFileType = sourcecode.c.h; path = SceneDelegate.h; sourceTree = "<group>"; };
		CD5F76F62489E1760077AF4A /* SceneDelegate.m */ = {isa = PBXFileReference; lastKnownFileType = sourcecode.c.objc; path = SceneDelegate.m; sourceTree = "<group>"; };
		CD5F76F82489E1760077AF4A /* ViewController.h */ = {isa = PBXFileReference; lastKnownFileType = sourcecode.c.h; path = ViewController.h; sourceTree = "<group>"; };
		CD5F76F92489E1760077AF4A /* ViewController.m */ = {isa = PBXFileReference; lastKnownFileType = sourcecode.c.objc; path = ViewController.m; sourceTree = "<group>"; };
		CD5F76FC2489E1760077AF4A /* Base */ = {isa = PBXFileReference; lastKnownFileType = file.storyboard; name = Base; path = Base.lproj/Main.storyboard; sourceTree = "<group>"; };
		CD5F76FE2489E1770077AF4A /* Assets.xcassets */ = {isa = PBXFileReference; lastKnownFileType = folder.assetcatalog; path = Assets.xcassets; sourceTree = "<group>"; };
		CD5F77012489E1770077AF4A /* Base */ = {isa = PBXFileReference; lastKnownFileType = file.storyboard; name = Base; path = Base.lproj/LaunchScreen.storyboard; sourceTree = "<group>"; };
		CD5F77032489E1770077AF4A /* Info.plist */ = {isa = PBXFileReference; lastKnownFileType = text.plist.xml; path = Info.plist; sourceTree = "<group>"; };
		CD5F77042489E1770077AF4A /* main.m */ = {isa = PBXFileReference; lastKnownFileType = sourcecode.c.objc; path = main.m; sourceTree = "<group>"; };
		CD5F77132489E1B90077AF4A /* GLESView.h */ = {isa = PBXFileReference; fileEncoding = 4; lastKnownFileType = sourcecode.c.h; path = GLESView.h; sourceTree = "<group>"; };
		CD5F77142489E1B90077AF4A /* shader.fsh */ = {isa = PBXFileReference; fileEncoding = 4; lastKnownFileType = sourcecode.glsl; path = shader.fsh; sourceTree = "<group>"; };
		CD5F77152489E1B90077AF4A /* shader.vsh */ = {isa = PBXFileReference; fileEncoding = 4; lastKnownFileType = sourcecode.glsl; path = shader.vsh; sourceTree = "<group>"; };
		CD5F77162489E1B90077AF4A /* GLESView.m */ = {isa = PBXFileReference; fileEncoding = 4; lastKnownFileType = sourcecode.c.objc; path = GLESView.m; sourceTree = "<group>"; };
		CD5F77172489E1B90077AF4A /* source.jpg */ = {isa = PBXFileReference; lastKnownFileType = image.jpeg; path = source.jpg; sourceTree = "<group>"; };
		CD5F77202489E20F0077AF4A /* 003.Transform.app */ = {isa = PBXFileReference; explicitFileType = wrapper.application; includeInIndex = 0; path = 003.Transform.app; sourceTree = BUILT_PRODUCTS_DIR; };
		CD5F77222489E20F0077AF4A /* AppDelegate.h */ = {isa = PBXFileReference; lastKnownFileType = sourcecode.c.h; path = AppDelegate.h; sourceTree = "<group>"; };
		CD5F77232489E20F0077AF4A /* AppDelegate.m */ = {isa = PBXFileReference; lastKnownFileType = sourcecode.c.objc; path = AppDelegate.m; sourceTree = "<group>"; };
		CD5F77252489E20F0077AF4A /* SceneDelegate.h */ = {isa = PBXFileReference; lastKnownFileType = sourcecode.c.h; path = SceneDelegate.h; sourceTree = "<group>"; };
		CD5F77262489E20F0077AF4A /* SceneDelegate.m */ = {isa = PBXFileReference; lastKnownFileType = sourcecode.c.objc; path = SceneDelegate.m; sourceTree = "<group>"; };
		CD5F77282489E20F0077AF4A /* ViewController.h */ = {isa = PBXFileReference; lastKnownFileType = sourcecode.c.h; path = ViewController.h; sourceTree = "<group>"; };
		CD5F77292489E20F0077AF4A /* ViewController.m */ = {isa = PBXFileReference; lastKnownFileType = sourcecode.c.objc; path = ViewController.m; sourceTree = "<group>"; };
		CD5F772C2489E20F0077AF4A /* Base */ = {isa = PBXFileReference; lastKnownFileType = file.storyboard; name = Base; path = Base.lproj/Main.storyboard; sourceTree = "<group>"; };
		CD5F772E2489E2110077AF4A /* Assets.xcassets */ = {isa = PBXFileReference; lastKnownFileType = folder.assetcatalog; path = Assets.xcassets; sourceTree = "<group>"; };
		CD5F77312489E2110077AF4A /* Base */ = {isa = PBXFileReference; lastKnownFileType = file.storyboard; name = Base; path = Base.lproj/LaunchScreen.storyboard; sourceTree = "<group>"; };
		CD5F77332489E2110077AF4A /* Info.plist */ = {isa = PBXFileReference; lastKnownFileType = text.plist.xml; path = Info.plist; sourceTree = "<group>"; };
		CD5F77342489E2110077AF4A /* main.m */ = {isa = PBXFileReference; lastKnownFileType = sourcecode.c.objc; path = main.m; sourceTree = "<group>"; };
		CD5F773B2489E2340077AF4A /* shader.fsh */ = {isa = PBXFileReference; fileEncoding = 4; lastKnownFileType = sourcecode.glsl; path = shader.fsh; sourceTree = "<group>"; };
		CD5F773C2489E2340077AF4A /* shader.vsh */ = {isa = PBXFileReference; fileEncoding = 4; lastKnownFileType = sourcecode.glsl; path = shader.vsh; sourceTree = "<group>"; };
		CD5F773E2489E2340077AF4A /* source.jpg */ = {isa = PBXFileReference; lastKnownFileType = image.jpeg; path = source.jpg; sourceTree = "<group>"; };
		CD5F774D2489E3890077AF4A /* GLESUtils.m */ = {isa = PBXFileReference; fileEncoding = 4; lastKnownFileType = sourcecode.c.objc; path = GLESUtils.m; sourceTree = "<group>"; };
		CD5F774E2489E3890077AF4A /* Quaternion.h */ = {isa = PBXFileReference; fileEncoding = 4; lastKnownFileType = sourcecode.c.h; path = Quaternion.h; sourceTree = "<group>"; };
		CD5F774F2489E3890077AF4A /* GLESMath.c */ = {isa = PBXFileReference; fileEncoding = 4; lastKnownFileType = sourcecode.c.c; path = GLESMath.c; sourceTree = "<group>"; };
		CD5F77502489E3890077AF4A /* GLESUtils.h */ = {isa = PBXFileReference; fileEncoding = 4; lastKnownFileType = sourcecode.c.h; path = GLESUtils.h; sourceTree = "<group>"; };
		CD5F77512489E3890077AF4A /* Vector.h */ = {isa = PBXFileReference; fileEncoding = 4; lastKnownFileType = sourcecode.c.h; path = Vector.h; sourceTree = "<group>"; };
		CD5F77522489E3890077AF4A /* GLESMath.h */ = {isa = PBXFileReference; fileEncoding = 4; lastKnownFileType = sourcecode.c.h; path = GLESMath.h; sourceTree = "<group>"; };
		CD5F77592489E3A90077AF4A /* 004.GLKit进阶.app */ = {isa = PBXFileReference; explicitFileType = wrapper.application; includeInIndex = 0; path = "004.GLKit进阶.app"; sourceTree = BUILT_PRODUCTS_DIR; };
		CD5F775B2489E3A90077AF4A /* AppDelegate.h */ = {isa = PBXFileReference; lastKnownFileType = sourcecode.c.h; path = AppDelegate.h; sourceTree = "<group>"; };
		CD5F775C2489E3A90077AF4A /* AppDelegate.m */ = {isa = PBXFileReference; lastKnownFileType = sourcecode.c.objc; path = AppDelegate.m; sourceTree = "<group>"; };
		CD5F775E2489E3A90077AF4A /* SceneDelegate.h */ = {isa = PBXFileReference; lastKnownFileType = sourcecode.c.h; path = SceneDelegate.h; sourceTree = "<group>"; };
		CD5F775F2489E3AA0077AF4A /* SceneDelegate.m */ = {isa = PBXFileReference; lastKnownFileType = sourcecode.c.objc; path = SceneDelegate.m; sourceTree = "<group>"; };
		CD5F77652489E3AA0077AF4A /* Base */ = {isa = PBXFileReference; lastKnownFileType = file.storyboard; name = Base; path = Base.lproj/Main.storyboard; sourceTree = "<group>"; };
		CD5F77672489E3AB0077AF4A /* Assets.xcassets */ = {isa = PBXFileReference; lastKnownFileType = folder.assetcatalog; path = Assets.xcassets; sourceTree = "<group>"; };
		CD5F776A2489E3AB0077AF4A /* Base */ = {isa = PBXFileReference; lastKnownFileType = file.storyboard; name = Base; path = Base.lproj/LaunchScreen.storyboard; sourceTree = "<group>"; };
		CD5F776C2489E3AB0077AF4A /* Info.plist */ = {isa = PBXFileReference; lastKnownFileType = text.plist.xml; path = Info.plist; sourceTree = "<group>"; };
		CD5F776D2489E3AB0077AF4A /* main.m */ = {isa = PBXFileReference; lastKnownFileType = sourcecode.c.objc; path = main.m; sourceTree = "<group>"; };
		CD5F77722489E3CE0077AF4A /* source.jpg */ = {isa = PBXFileReference; lastKnownFileType = image.jpeg; path = source.jpg; sourceTree = "<group>"; };
		CDCA3E62248A331F003F619B /* LearnESView.h */ = {isa = PBXFileReference; lastKnownFileType = sourcecode.c.h; path = LearnESView.h; sourceTree = "<group>"; };
		CDCA3E63248A331F003F619B /* LearnESView.m */ = {isa = PBXFileReference; lastKnownFileType = sourcecode.c.objc; path = LearnESView.m; sourceTree = "<group>"; };
		CDCA3E65248A3D65003F619B /* YZGLViewContrller.h */ = {isa = PBXFileReference; lastKnownFileType = sourcecode.c.h; path = YZGLViewContrller.h; sourceTree = "<group>"; };
		CDCA3E66248A3D65003F619B /* YZGLViewContrller.m */ = {isa = PBXFileReference; lastKnownFileType = sourcecode.c.objc; path = YZGLViewContrller.m; sourceTree = "<group>"; };
/* End PBXFileReference section */

/* Begin PBXFrameworksBuildPhase section */
		CD5F76AC2489DFA40077AF4A /* Frameworks */ = {
			isa = PBXFrameworksBuildPhase;
			buildActionMask = 2147483647;
			files = (
			);
			runOnlyForDeploymentPostprocessing = 0;
		};
		CD5F76CC2489E0540077AF4A /* Frameworks */ = {
			isa = PBXFrameworksBuildPhase;
			buildActionMask = 2147483647;
			files = (
			);
			runOnlyForDeploymentPostprocessing = 0;
		};
		CD5F76ED2489E1760077AF4A /* Frameworks */ = {
			isa = PBXFrameworksBuildPhase;
			buildActionMask = 2147483647;
			files = (
			);
			runOnlyForDeploymentPostprocessing = 0;
		};
		CD5F771D2489E20F0077AF4A /* Frameworks */ = {
			isa = PBXFrameworksBuildPhase;
			buildActionMask = 2147483647;
			files = (
			);
			runOnlyForDeploymentPostprocessing = 0;
		};
		CD5F77562489E3A90077AF4A /* Frameworks */ = {
			isa = PBXFrameworksBuildPhase;
			buildActionMask = 2147483647;
			files = (
			);
			runOnlyForDeploymentPostprocessing = 0;
		};
/* End PBXFrameworksBuildPhase section */

/* Begin PBXGroup section */
		CD5F76A62489DFA40077AF4A = {
			isa = PBXGroup;
			children = (
				CD5F76B12489DFA40077AF4A /* Mirco-OpenGLESDemo */,
				CD5F76D02489E0540077AF4A /* 001.GLKit */,
				CD5F76F12489E1760077AF4A /* 002.Shader */,
				CD5F77212489E20F0077AF4A /* 003.Transform */,
				CD5F775A2489E3A90077AF4A /* 004.GLKit进阶 */,
				CD5F76B02489DFA40077AF4A /* Products */,
			);
			sourceTree = "<group>";
		};
		CD5F76B02489DFA40077AF4A /* Products */ = {
			isa = PBXGroup;
			children = (
				CD5F76AF2489DFA40077AF4A /* Mirco-OpenGLESDemo.app */,
				CD5F76CF2489E0540077AF4A /* 001.GLKit.app */,
				CD5F76F02489E1760077AF4A /* 002.Shader.app */,
				CD5F77202489E20F0077AF4A /* 003.Transform.app */,
				CD5F77592489E3A90077AF4A /* 004.GLKit进阶.app */,
			);
			name = Products;
			sourceTree = "<group>";
		};
		CD5F76B12489DFA40077AF4A /* Mirco-OpenGLESDemo */ = {
			isa = PBXGroup;
			children = (
				CD5F76B22489DFA40077AF4A /* AppDelegate.h */,
				CD5F76B32489DFA40077AF4A /* AppDelegate.m */,
				CD5F76B52489DFA40077AF4A /* SceneDelegate.h */,
				CD5F76B62489DFA40077AF4A /* SceneDelegate.m */,
				CD5F76B82489DFA40077AF4A /* ViewController.h */,
				CD5F76B92489DFA40077AF4A /* ViewController.m */,
				CD5F76BB2489DFA40077AF4A /* Main.storyboard */,
				CD5F76BE2489DFA60077AF4A /* Assets.xcassets */,
				CD5F76C02489DFA60077AF4A /* LaunchScreen.storyboard */,
				CD5F76C32489DFA60077AF4A /* Info.plist */,
				CD5F76C42489DFA60077AF4A /* main.m */,
			);
			path = "Mirco-OpenGLESDemo";
			sourceTree = "<group>";
		};
		CD5F76D02489E0540077AF4A /* 001.GLKit */ = {
			isa = PBXGroup;
			children = (
				CD5F76EA2489E14A0077AF4A /* source.jpg */,
				CD5F76D12489E0540077AF4A /* AppDelegate.h */,
				CD5F76D22489E0540077AF4A /* AppDelegate.m */,
				CD5F76D42489E0540077AF4A /* SceneDelegate.h */,
				CD5F76D52489E0540077AF4A /* SceneDelegate.m */,
				CD5F76D72489E0540077AF4A /* ViewController.h */,
				CD5F76D82489E0540077AF4A /* ViewController.m */,
				CD5F76DA2489E0540077AF4A /* Main.storyboard */,
				CD5F76DD2489E0550077AF4A /* Assets.xcassets */,
				CD5F76DF2489E0550077AF4A /* LaunchScreen.storyboard */,
				CD5F76E22489E0550077AF4A /* Info.plist */,
				CD5F76E32489E0550077AF4A /* main.m */,
			);
			path = 001.GLKit;
			sourceTree = "<group>";
		};
		CD5F76F12489E1760077AF4A /* 002.Shader */ = {
			isa = PBXGroup;
			children = (
				CD5F77122489E1B90077AF4A /* Resource */,
				CD5F76F22489E1760077AF4A /* AppDelegate.h */,
				CD5F76F32489E1760077AF4A /* AppDelegate.m */,
				CD5F77132489E1B90077AF4A /* GLESView.h */,
				CD5F77162489E1B90077AF4A /* GLESView.m */,
				CD5F76F52489E1760077AF4A /* SceneDelegate.h */,
				CD5F76F62489E1760077AF4A /* SceneDelegate.m */,
				CD5F76F82489E1760077AF4A /* ViewController.h */,
				CD5F76F92489E1760077AF4A /* ViewController.m */,
				CD5F76FB2489E1760077AF4A /* Main.storyboard */,
				CD5F76FE2489E1770077AF4A /* Assets.xcassets */,
				CD5F77002489E1770077AF4A /* LaunchScreen.storyboard */,
				CD5F77032489E1770077AF4A /* Info.plist */,
				CD5F77042489E1770077AF4A /* main.m */,
			);
			path = 002.Shader;
			sourceTree = "<group>";
		};
		CD5F77122489E1B90077AF4A /* Resource */ = {
			isa = PBXGroup;
			children = (
				CD5F77142489E1B90077AF4A /* shader.fsh */,
				CD5F77152489E1B90077AF4A /* shader.vsh */,
				CD5F77172489E1B90077AF4A /* source.jpg */,
			);
			path = Resource;
			sourceTree = "<group>";
		};
		CD5F77212489E20F0077AF4A /* 003.Transform */ = {
			isa = PBXGroup;
			children = (
				CD5F774C2489E3890077AF4A /* Utils */,
				CD5F77392489E2340077AF4A /* Resource */,
				CD5F77222489E20F0077AF4A /* AppDelegate.h */,
				CD5F77232489E20F0077AF4A /* AppDelegate.m */,
				CDCA3E62248A331F003F619B /* LearnESView.h */,
				CDCA3E63248A331F003F619B /* LearnESView.m */,
				CD5F77252489E20F0077AF4A /* SceneDelegate.h */,
				CD5F77262489E20F0077AF4A /* SceneDelegate.m */,
				CD5F77282489E20F0077AF4A /* ViewController.h */,
				CD5F77292489E20F0077AF4A /* ViewController.m */,
				CD5F772B2489E20F0077AF4A /* Main.storyboard */,
				CD5F772E2489E2110077AF4A /* Assets.xcassets */,
				CD5F77302489E2110077AF4A /* LaunchScreen.storyboard */,
				CD5F77332489E2110077AF4A /* Info.plist */,
				CD5F77342489E2110077AF4A /* main.m */,
			);
			path = 003.Transform;
			sourceTree = "<group>";
		};
		CD5F77392489E2340077AF4A /* Resource */ = {
			isa = PBXGroup;
			children = (
				CD5F773B2489E2340077AF4A /* shader.fsh */,
				CD5F773C2489E2340077AF4A /* shader.vsh */,
				CD5F773E2489E2340077AF4A /* source.jpg */,
			);
			path = Resource;
			sourceTree = "<group>";
		};
		CD5F774C2489E3890077AF4A /* Utils */ = {
			isa = PBXGroup;
			children = (
				CD5F774D2489E3890077AF4A /* GLESUtils.m */,
				CD5F774E2489E3890077AF4A /* Quaternion.h */,
				CD5F774F2489E3890077AF4A /* GLESMath.c */,
				CD5F77502489E3890077AF4A /* GLESUtils.h */,
				CD5F77512489E3890077AF4A /* Vector.h */,
				CD5F77522489E3890077AF4A /* GLESMath.h */,
			);
			path = Utils;
			sourceTree = "<group>";
		};
		CD5F775A2489E3A90077AF4A /* 004.GLKit进阶 */ = {
			isa = PBXGroup;
			children = (
				CD5F77722489E3CE0077AF4A /* source.jpg */,
				CD5F775B2489E3A90077AF4A /* AppDelegate.h */,
				CD5F775C2489E3A90077AF4A /* AppDelegate.m */,
				CD5F775E2489E3A90077AF4A /* SceneDelegate.h */,
				CD5F775F2489E3AA0077AF4A /* SceneDelegate.m */,
				CDCA3E65248A3D65003F619B /* YZGLViewContrller.h */,
				CDCA3E66248A3D65003F619B /* YZGLViewContrller.m */,
				CD5F77642489E3AA0077AF4A /* Main.storyboard */,
				CD5F77672489E3AB0077AF4A /* Assets.xcassets */,
				CD5F77692489E3AB0077AF4A /* LaunchScreen.storyboard */,
				CD5F776C2489E3AB0077AF4A /* Info.plist */,
				CD5F776D2489E3AB0077AF4A /* main.m */,
			);
			path = "004.GLKit进阶";
			sourceTree = "<group>";
		};
/* End PBXGroup section */

/* Begin PBXNativeTarget section */
		CD5F76AE2489DFA40077AF4A /* Mirco-OpenGLESDemo */ = {
			isa = PBXNativeTarget;
			buildConfigurationList = CD5F76C82489DFA60077AF4A /* Build configuration list for PBXNativeTarget "Mirco-OpenGLESDemo" */;
			buildPhases = (
				CD5F76AB2489DFA40077AF4A /* Sources */,
				CD5F76AC2489DFA40077AF4A /* Frameworks */,
				CD5F76AD2489DFA40077AF4A /* Resources */,
			);
			buildRules = (
			);
			dependencies = (
			);
			name = "Mirco-OpenGLESDemo";
			productName = "Mirco-OpenGLESDemo";
			productReference = CD5F76AF2489DFA40077AF4A /* Mirco-OpenGLESDemo.app */;
			productType = "com.apple.product-type.application";
		};
		CD5F76CE2489E0540077AF4A /* 001.GLKit */ = {
			isa = PBXNativeTarget;
			buildConfigurationList = CD5F76E52489E0550077AF4A /* Build configuration list for PBXNativeTarget "001.GLKit" */;
			buildPhases = (
				CD5F76CB2489E0540077AF4A /* Sources */,
				CD5F76CC2489E0540077AF4A /* Frameworks */,
				CD5F76CD2489E0540077AF4A /* Resources */,
			);
			buildRules = (
			);
			dependencies = (
			);
			name = 001.GLKit;
			productName = 001.GLKit;
			productReference = CD5F76CF2489E0540077AF4A /* 001.GLKit.app */;
			productType = "com.apple.product-type.application";
		};
		CD5F76EF2489E1760077AF4A /* 002.Shader */ = {
			isa = PBXNativeTarget;
			buildConfigurationList = CD5F77062489E1770077AF4A /* Build configuration list for PBXNativeTarget "002.Shader" */;
			buildPhases = (
				CD5F76EC2489E1760077AF4A /* Sources */,
				CD5F76ED2489E1760077AF4A /* Frameworks */,
				CD5F76EE2489E1760077AF4A /* Resources */,
			);
			buildRules = (
			);
			dependencies = (
			);
			name = 002.Shader;
			productName = 002.Shader;
			productReference = CD5F76F02489E1760077AF4A /* 002.Shader.app */;
			productType = "com.apple.product-type.application";
		};
		CD5F771F2489E20F0077AF4A /* 003.Transform */ = {
			isa = PBXNativeTarget;
			buildConfigurationList = CD5F77362489E2110077AF4A /* Build configuration list for PBXNativeTarget "003.Transform" */;
			buildPhases = (
				CD5F771C2489E20F0077AF4A /* Sources */,
				CD5F771D2489E20F0077AF4A /* Frameworks */,
				CD5F771E2489E20F0077AF4A /* Resources */,
			);
			buildRules = (
			);
			dependencies = (
			);
			name = 003.Transform;
			productName = 003.Transform;
			productReference = CD5F77202489E20F0077AF4A /* 003.Transform.app */;
			productType = "com.apple.product-type.application";
		};
		CD5F77582489E3A90077AF4A /* 004.GLKit进阶 */ = {
			isa = PBXNativeTarget;
			buildConfigurationList = CD5F776F2489E3AB0077AF4A /* Build configuration list for PBXNativeTarget "004.GLKit进阶" */;
			buildPhases = (
				CD5F77552489E3A90077AF4A /* Sources */,
				CD5F77562489E3A90077AF4A /* Frameworks */,
				CD5F77572489E3A90077AF4A /* Resources */,
			);
			buildRules = (
			);
			dependencies = (
			);
			name = "004.GLKit进阶";
			productName = "004.GLKit进阶";
			productReference = CD5F77592489E3A90077AF4A /* 004.GLKit进阶.app */;
			productType = "com.apple.product-type.application";
		};
/* End PBXNativeTarget section */

/* Begin PBXProject section */
		CD5F76A72489DFA40077AF4A /* Project object */ = {
			isa = PBXProject;
			attributes = {
				LastUpgradeCheck = 1140;
				ORGANIZATIONNAME = Melody;
				TargetAttributes = {
					CD5F76AE2489DFA40077AF4A = {
						CreatedOnToolsVersion = 11.4.1;
					};
					CD5F76CE2489E0540077AF4A = {
						CreatedOnToolsVersion = 11.4.1;
					};
					CD5F76EF2489E1760077AF4A = {
						CreatedOnToolsVersion = 11.4.1;
					};
					CD5F771F2489E20F0077AF4A = {
						CreatedOnToolsVersion = 11.4.1;
					};
					CD5F77582489E3A90077AF4A = {
						CreatedOnToolsVersion = 11.4.1;
					};
				};
			};
			buildConfigurationList = CD5F76AA2489DFA40077AF4A /* Build configuration list for PBXProject "Mirco-OpenGLESDemo" */;
			compatibilityVersion = "Xcode 9.3";
			developmentRegion = en;
			hasScannedForEncodings = 0;
			knownRegions = (
				en,
				Base,
			);
			mainGroup = CD5F76A62489DFA40077AF4A;
			productRefGroup = CD5F76B02489DFA40077AF4A /* Products */;
			projectDirPath = "";
			projectRoot = "";
			targets = (
				CD5F76AE2489DFA40077AF4A /* Mirco-OpenGLESDemo */,
				CD5F76CE2489E0540077AF4A /* 001.GLKit */,
				CD5F76EF2489E1760077AF4A /* 002.Shader */,
				CD5F771F2489E20F0077AF4A /* 003.Transform */,
				CD5F77582489E3A90077AF4A /* 004.GLKit进阶 */,
			);
		};
/* End PBXProject section */

/* Begin PBXResourcesBuildPhase section */
		CD5F76AD2489DFA40077AF4A /* Resources */ = {
			isa = PBXResourcesBuildPhase;
			buildActionMask = 2147483647;
			files = (
				CD5F76C22489DFA60077AF4A /* LaunchScreen.storyboard in Resources */,
				CD5F76BF2489DFA60077AF4A /* Assets.xcassets in Resources */,
				CD5F76BD2489DFA40077AF4A /* Main.storyboard in Resources */,
			);
			runOnlyForDeploymentPostprocessing = 0;
		};
		CD5F76CD2489E0540077AF4A /* Resources */ = {
			isa = PBXResourcesBuildPhase;
			buildActionMask = 2147483647;
			files = (
				CD5F76E12489E0550077AF4A /* LaunchScreen.storyboard in Resources */,
				CD5F76DE2489E0550077AF4A /* Assets.xcassets in Resources */,
				CD5F76EB2489E14A0077AF4A /* source.jpg in Resources */,
				CD5F76DC2489E0540077AF4A /* Main.storyboard in Resources */,
			);
			runOnlyForDeploymentPostprocessing = 0;
		};
		CD5F76EE2489E1760077AF4A /* Resources */ = {
			isa = PBXResourcesBuildPhase;
			buildActionMask = 2147483647;
			files = (
				CD5F771B2489E1B90077AF4A /* source.jpg in Resources */,
				CD5F77192489E1B90077AF4A /* shader.vsh in Resources */,
				CD5F77182489E1B90077AF4A /* shader.fsh in Resources */,
				CD5F77022489E1770077AF4A /* LaunchScreen.storyboard in Resources */,
				CD5F76FF2489E1770077AF4A /* Assets.xcassets in Resources */,
				CD5F76FD2489E1760077AF4A /* Main.storyboard in Resources */,
			);
			runOnlyForDeploymentPostprocessing = 0;
		};
		CD5F771E2489E20F0077AF4A /* Resources */ = {
			isa = PBXResourcesBuildPhase;
			buildActionMask = 2147483647;
			files = (
				CD5F77422489E2340077AF4A /* source.jpg in Resources */,
				CD5F77402489E2340077AF4A /* shader.vsh in Resources */,
				CD5F773F2489E2340077AF4A /* shader.fsh in Resources */,
				CD5F77322489E2110077AF4A /* LaunchScreen.storyboard in Resources */,
				CD5F772F2489E2110077AF4A /* Assets.xcassets in Resources */,
				CD5F772D2489E20F0077AF4A /* Main.storyboard in Resources */,
			);
			runOnlyForDeploymentPostprocessing = 0;
		};
		CD5F77572489E3A90077AF4A /* Resources */ = {
			isa = PBXResourcesBuildPhase;
			buildActionMask = 2147483647;
			files = (
				CD5F776B2489E3AB0077AF4A /* LaunchScreen.storyboard in Resources */,
				CD5F77682489E3AB0077AF4A /* Assets.xcassets in Resources */,
				CD5F77732489E3CE0077AF4A /* source.jpg in Resources */,
				CD5F77662489E3AA0077AF4A /* Main.storyboard in Resources */,
			);
			runOnlyForDeploymentPostprocessing = 0;
		};
/* End PBXResourcesBuildPhase section */

/* Begin PBXSourcesBuildPhase section */
		CD5F76AB2489DFA40077AF4A /* Sources */ = {
			isa = PBXSourcesBuildPhase;
			buildActionMask = 2147483647;
			files = (
				CD5F76BA2489DFA40077AF4A /* ViewController.m in Sources */,
				CD5F76B42489DFA40077AF4A /* AppDelegate.m in Sources */,
				CD5F76C52489DFA60077AF4A /* main.m in Sources */,
				CD5F76B72489DFA40077AF4A /* SceneDelegate.m in Sources */,
			);
			runOnlyForDeploymentPostprocessing = 0;
		};
		CD5F76CB2489E0540077AF4A /* Sources */ = {
			isa = PBXSourcesBuildPhase;
			buildActionMask = 2147483647;
			files = (
				CD5F76D92489E0540077AF4A /* ViewController.m in Sources */,
				CD5F76D32489E0540077AF4A /* AppDelegate.m in Sources */,
				CD5F76E42489E0550077AF4A /* main.m in Sources */,
				CD5F76D62489E0540077AF4A /* SceneDelegate.m in Sources */,
			);
			runOnlyForDeploymentPostprocessing = 0;
		};
		CD5F76EC2489E1760077AF4A /* Sources */ = {
			isa = PBXSourcesBuildPhase;
			buildActionMask = 2147483647;
			files = (
				CD5F76FA2489E1760077AF4A /* ViewController.m in Sources */,
				CD5F76F42489E1760077AF4A /* AppDelegate.m in Sources */,
				CD5F771A2489E1B90077AF4A /* GLESView.m in Sources */,
				CD5F77052489E1770077AF4A /* main.m in Sources */,
				CD5F76F72489E1760077AF4A /* SceneDelegate.m in Sources */,
			);
			runOnlyForDeploymentPostprocessing = 0;
		};
		CD5F771C2489E20F0077AF4A /* Sources */ = {
			isa = PBXSourcesBuildPhase;
			buildActionMask = 2147483647;
			files = (
				CD5F772A2489E20F0077AF4A /* ViewController.m in Sources */,
				CD5F77242489E20F0077AF4A /* AppDelegate.m in Sources */,
				CD5F77542489E3890077AF4A /* GLESMath.c in Sources */,
				CD5F77352489E2110077AF4A /* main.m in Sources */,
				CDCA3E64248A331F003F619B /* LearnESView.m in Sources */,
				CD5F77532489E3890077AF4A /* GLESUtils.m in Sources */,
				CD5F77272489E20F0077AF4A /* SceneDelegate.m in Sources */,
			);
			runOnlyForDeploymentPostprocessing = 0;
		};
		CD5F77552489E3A90077AF4A /* Sources */ = {
			isa = PBXSourcesBuildPhase;
			buildActionMask = 2147483647;
			files = (
				CDCA3E67248A3D65003F619B /* YZGLViewContrller.m in Sources */,
				CD5F775D2489E3A90077AF4A /* AppDelegate.m in Sources */,
				CD5F776E2489E3AB0077AF4A /* main.m in Sources */,
				CD5F77602489E3AA0077AF4A /* SceneDelegate.m in Sources */,
			);
			runOnlyForDeploymentPostprocessing = 0;
		};
/* End PBXSourcesBuildPhase section */

/* Begin PBXVariantGroup section */
		CD5F76BB2489DFA40077AF4A /* Main.storyboard */ = {
			isa = PBXVariantGroup;
			children = (
				CD5F76BC2489DFA40077AF4A /* Base */,
			);
			name = Main.storyboard;
			sourceTree = "<group>";
		};
		CD5F76C02489DFA60077AF4A /* LaunchScreen.storyboard */ = {
			isa = PBXVariantGroup;
			children = (
				CD5F76C12489DFA60077AF4A /* Base */,
			);
			name = LaunchScreen.storyboard;
			sourceTree = "<group>";
		};
		CD5F76DA2489E0540077AF4A /* Main.storyboard */ = {
			isa = PBXVariantGroup;
			children = (
				CD5F76DB2489E0540077AF4A /* Base */,
			);
			name = Main.storyboard;
			sourceTree = "<group>";
		};
		CD5F76DF2489E0550077AF4A /* LaunchScreen.storyboard */ = {
			isa = PBXVariantGroup;
			children = (
				CD5F76E02489E0550077AF4A /* Base */,
			);
			name = LaunchScreen.storyboard;
			sourceTree = "<group>";
		};
		CD5F76FB2489E1760077AF4A /* Main.storyboard */ = {
			isa = PBXVariantGroup;
			children = (
				CD5F76FC2489E1760077AF4A /* Base */,
			);
			name = Main.storyboard;
			sourceTree = "<group>";
		};
		CD5F77002489E1770077AF4A /* LaunchScreen.storyboard */ = {
			isa = PBXVariantGroup;
			children = (
				CD5F77012489E1770077AF4A /* Base */,
			);
			name = LaunchScreen.storyboard;
			sourceTree = "<group>";
		};
		CD5F772B2489E20F0077AF4A /* Main.storyboard */ = {
			isa = PBXVariantGroup;
			children = (
				CD5F772C2489E20F0077AF4A /* Base */,
			);
			name = Main.storyboard;
			sourceTree = "<group>";
		};
		CD5F77302489E2110077AF4A /* LaunchScreen.storyboard */ = {
			isa = PBXVariantGroup;
			children = (
				CD5F77312489E2110077AF4A /* Base */,
			);
			name = LaunchScreen.storyboard;
			sourceTree = "<group>";
		};
		CD5F77642489E3AA0077AF4A /* Main.storyboard */ = {
			isa = PBXVariantGroup;
			children = (
				CD5F77652489E3AA0077AF4A /* Base */,
			);
			name = Main.storyboard;
			sourceTree = "<group>";
		};
		CD5F77692489E3AB0077AF4A /* LaunchScreen.storyboard */ = {
			isa = PBXVariantGroup;
			children = (
				CD5F776A2489E3AB0077AF4A /* Base */,
			);
			name = LaunchScreen.storyboard;
			sourceTree = "<group>";
		};
/* End PBXVariantGroup section */

/* Begin XCBuildConfiguration section */
		CD5F76C62489DFA60077AF4A /* Debug */ = {
			isa = XCBuildConfiguration;
			buildSettings = {
				ALWAYS_SEARCH_USER_PATHS = NO;
				CLANG_ANALYZER_NONNULL = YES;
				CLANG_ANALYZER_NUMBER_OBJECT_CONVERSION = YES_AGGRESSIVE;
				CLANG_CXX_LANGUAGE_STANDARD = "gnu++14";
				CLANG_CXX_LIBRARY = "libc++";
				CLANG_ENABLE_MODULES = YES;
				CLANG_ENABLE_OBJC_ARC = YES;
				CLANG_ENABLE_OBJC_WEAK = YES;
				CLANG_WARN_BLOCK_CAPTURE_AUTORELEASING = YES;
				CLANG_WARN_BOOL_CONVERSION = YES;
				CLANG_WARN_COMMA = YES;
				CLANG_WARN_CONSTANT_CONVERSION = YES;
				CLANG_WARN_DEPRECATED_OBJC_IMPLEMENTATIONS = YES;
				CLANG_WARN_DIRECT_OBJC_ISA_USAGE = YES_ERROR;
				CLANG_WARN_DOCUMENTATION_COMMENTS = YES;
				CLANG_WARN_EMPTY_BODY = YES;
				CLANG_WARN_ENUM_CONVERSION = YES;
				CLANG_WARN_INFINITE_RECURSION = YES;
				CLANG_WARN_INT_CONVERSION = YES;
				CLANG_WARN_NON_LITERAL_NULL_CONVERSION = YES;
				CLANG_WARN_OBJC_IMPLICIT_RETAIN_SELF = YES;
				CLANG_WARN_OBJC_LITERAL_CONVERSION = YES;
				CLANG_WARN_OBJC_ROOT_CLASS = YES_ERROR;
				CLANG_WARN_RANGE_LOOP_ANALYSIS = YES;
				CLANG_WARN_STRICT_PROTOTYPES = YES;
				CLANG_WARN_SUSPICIOUS_MOVE = YES;
				CLANG_WARN_UNGUARDED_AVAILABILITY = YES_AGGRESSIVE;
				CLANG_WARN_UNREACHABLE_CODE = YES;
				CLANG_WARN__DUPLICATE_METHOD_MATCH = YES;
				COPY_PHASE_STRIP = NO;
				DEBUG_INFORMATION_FORMAT = dwarf;
				ENABLE_STRICT_OBJC_MSGSEND = YES;
				ENABLE_TESTABILITY = YES;
				GCC_C_LANGUAGE_STANDARD = gnu11;
				GCC_DYNAMIC_NO_PIC = NO;
				GCC_NO_COMMON_BLOCKS = YES;
				GCC_OPTIMIZATION_LEVEL = 0;
				GCC_PREPROCESSOR_DEFINITIONS = (
					"DEBUG=1",
					"$(inherited)",
				);
				GCC_WARN_64_TO_32_BIT_CONVERSION = YES;
				GCC_WARN_ABOUT_RETURN_TYPE = YES_ERROR;
				GCC_WARN_UNDECLARED_SELECTOR = YES;
				GCC_WARN_UNINITIALIZED_AUTOS = YES_AGGRESSIVE;
				GCC_WARN_UNUSED_FUNCTION = YES;
				GCC_WARN_UNUSED_VARIABLE = YES;
				IPHONEOS_DEPLOYMENT_TARGET = 13.4;
				MTL_ENABLE_DEBUG_INFO = INCLUDE_SOURCE;
				MTL_FAST_MATH = YES;
				ONLY_ACTIVE_ARCH = YES;
				SDKROOT = iphoneos;
			};
			name = Debug;
		};
		CD5F76C72489DFA60077AF4A /* Release */ = {
			isa = XCBuildConfiguration;
			buildSettings = {
				ALWAYS_SEARCH_USER_PATHS = NO;
				CLANG_ANALYZER_NONNULL = YES;
				CLANG_ANALYZER_NUMBER_OBJECT_CONVERSION = YES_AGGRESSIVE;
				CLANG_CXX_LANGUAGE_STANDARD = "gnu++14";
				CLANG_CXX_LIBRARY = "libc++";
				CLANG_ENABLE_MODULES = YES;
				CLANG_ENABLE_OBJC_ARC = YES;
				CLANG_ENABLE_OBJC_WEAK = YES;
				CLANG_WARN_BLOCK_CAPTURE_AUTORELEASING = YES;
				CLANG_WARN_BOOL_CONVERSION = YES;
				CLANG_WARN_COMMA = YES;
				CLANG_WARN_CONSTANT_CONVERSION = YES;
				CLANG_WARN_DEPRECATED_OBJC_IMPLEMENTATIONS = YES;
				CLANG_WARN_DIRECT_OBJC_ISA_USAGE = YES_ERROR;
				CLANG_WARN_DOCUMENTATION_COMMENTS = YES;
				CLANG_WARN_EMPTY_BODY = YES;
				CLANG_WARN_ENUM_CONVERSION = YES;
				CLANG_WARN_INFINITE_RECURSION = YES;
				CLANG_WARN_INT_CONVERSION = YES;
				CLANG_WARN_NON_LITERAL_NULL_CONVERSION = YES;
				CLANG_WARN_OBJC_IMPLICIT_RETAIN_SELF = YES;
				CLANG_WARN_OBJC_LITERAL_CONVERSION = YES;
				CLANG_WARN_OBJC_ROOT_CLASS = YES_ERROR;
				CLANG_WARN_RANGE_LOOP_ANALYSIS = YES;
				CLANG_WARN_STRICT_PROTOTYPES = YES;
				CLANG_WARN_SUSPICIOUS_MOVE = YES;
				CLANG_WARN_UNGUARDED_AVAILABILITY = YES_AGGRESSIVE;
				CLANG_WARN_UNREACHABLE_CODE = YES;
				CLANG_WARN__DUPLICATE_METHOD_MATCH = YES;
				COPY_PHASE_STRIP = NO;
				DEBUG_INFORMATION_FORMAT = "dwarf-with-dsym";
				ENABLE_NS_ASSERTIONS = NO;
				ENABLE_STRICT_OBJC_MSGSEND = YES;
				GCC_C_LANGUAGE_STANDARD = gnu11;
				GCC_NO_COMMON_BLOCKS = YES;
				GCC_WARN_64_TO_32_BIT_CONVERSION = YES;
				GCC_WARN_ABOUT_RETURN_TYPE = YES_ERROR;
				GCC_WARN_UNDECLARED_SELECTOR = YES;
				GCC_WARN_UNINITIALIZED_AUTOS = YES_AGGRESSIVE;
				GCC_WARN_UNUSED_FUNCTION = YES;
				GCC_WARN_UNUSED_VARIABLE = YES;
				IPHONEOS_DEPLOYMENT_TARGET = 13.4;
				MTL_ENABLE_DEBUG_INFO = NO;
				MTL_FAST_MATH = YES;
				SDKROOT = iphoneos;
				VALIDATE_PRODUCT = YES;
			};
			name = Release;
		};
		CD5F76C92489DFA60077AF4A /* Debug */ = {
			isa = XCBuildConfiguration;
			buildSettings = {
				ASSETCATALOG_COMPILER_APPICON_NAME = AppIcon;
				CODE_SIGN_STYLE = Automatic;
				DEVELOPMENT_TEAM = 5D328A5U6F;
				INFOPLIST_FILE = "Mirco-OpenGLESDemo/Info.plist";
				LD_RUNPATH_SEARCH_PATHS = (
					"$(inherited)",
					"@executable_path/Frameworks",
				);
				PRODUCT_BUNDLE_IDENTIFIER = "com.test.Mirco-OpenGLESDemo";
				PRODUCT_NAME = "$(TARGET_NAME)";
				TARGETED_DEVICE_FAMILY = "1,2";
			};
			name = Debug;
		};
		CD5F76CA2489DFA60077AF4A /* Release */ = {
			isa = XCBuildConfiguration;
			buildSettings = {
				ASSETCATALOG_COMPILER_APPICON_NAME = AppIcon;
				CODE_SIGN_STYLE = Automatic;
				DEVELOPMENT_TEAM = 5D328A5U6F;
				INFOPLIST_FILE = "Mirco-OpenGLESDemo/Info.plist";
				LD_RUNPATH_SEARCH_PATHS = (
					"$(inherited)",
					"@executable_path/Frameworks",
				);
				PRODUCT_BUNDLE_IDENTIFIER = "com.test.Mirco-OpenGLESDemo";
				PRODUCT_NAME = "$(TARGET_NAME)";
				TARGETED_DEVICE_FAMILY = "1,2";
			};
			name = Release;
		};
		CD5F76E62489E0550077AF4A /* Debug */ = {
			isa = XCBuildConfiguration;
			buildSettings = {
				ASSETCATALOG_COMPILER_APPICON_NAME = AppIcon;
				CODE_SIGN_STYLE = Automatic;
				DEVELOPMENT_TEAM = 5D328A5U6F;
				INFOPLIST_FILE = 001.GLKit/Info.plist;
				LD_RUNPATH_SEARCH_PATHS = (
					"$(inherited)",
					"@executable_path/Frameworks",
				);
				PRODUCT_BUNDLE_IDENTIFIER = "com.test.-01-GLKit";
				PRODUCT_NAME = "$(TARGET_NAME)";
				TARGETED_DEVICE_FAMILY = "1,2";
			};
			name = Debug;
		};
		CD5F76E72489E0550077AF4A /* Release */ = {
			isa = XCBuildConfiguration;
			buildSettings = {
				ASSETCATALOG_COMPILER_APPICON_NAME = AppIcon;
				CODE_SIGN_STYLE = Automatic;
				DEVELOPMENT_TEAM = 5D328A5U6F;
				INFOPLIST_FILE = 001.GLKit/Info.plist;
				LD_RUNPATH_SEARCH_PATHS = (
					"$(inherited)",
					"@executable_path/Frameworks",
				);
				PRODUCT_BUNDLE_IDENTIFIER = "com.test.-01-GLKit";
				PRODUCT_NAME = "$(TARGET_NAME)";
				TARGETED_DEVICE_FAMILY = "1,2";
			};
			name = Release;
		};
		CD5F77072489E1770077AF4A /* Debug */ = {
			isa = XCBuildConfiguration;
			buildSettings = {
				ASSETCATALOG_COMPILER_APPICON_NAME = AppIcon;
				CODE_SIGN_STYLE = Automatic;
				DEVELOPMENT_TEAM = 5D328A5U6F;
				INFOPLIST_FILE = 002.Shader/Info.plist;
				LD_RUNPATH_SEARCH_PATHS = (
					"$(inherited)",
					"@executable_path/Frameworks",
				);
				PRODUCT_BUNDLE_IDENTIFIER = "com.test.-02-Shader";
				PRODUCT_NAME = "$(TARGET_NAME)";
				TARGETED_DEVICE_FAMILY = "1,2";
			};
			name = Debug;
		};
		CD5F77082489E1770077AF4A /* Release */ = {
			isa = XCBuildConfiguration;
			buildSettings = {
				ASSETCATALOG_COMPILER_APPICON_NAME = AppIcon;
				CODE_SIGN_STYLE = Automatic;
				DEVELOPMENT_TEAM = 5D328A5U6F;
				INFOPLIST_FILE = 002.Shader/Info.plist;
				LD_RUNPATH_SEARCH_PATHS = (
					"$(inherited)",
					"@executable_path/Frameworks",
				);
				PRODUCT_BUNDLE_IDENTIFIER = "com.test.-02-Shader";
				PRODUCT_NAME = "$(TARGET_NAME)";
				TARGETED_DEVICE_FAMILY = "1,2";
			};
			name = Release;
		};
		CD5F77372489E2110077AF4A /* Debug */ = {
			isa = XCBuildConfiguration;
			buildSettings = {
				ASSETCATALOG_COMPILER_APPICON_NAME = AppIcon;
				CODE_SIGN_STYLE = Automatic;
				DEVELOPMENT_TEAM = 5D328A5U6F;
				INFOPLIST_FILE = 003.Transform/Info.plist;
				LD_RUNPATH_SEARCH_PATHS = (
					"$(inherited)",
					"@executable_path/Frameworks",
				);
				PRODUCT_BUNDLE_IDENTIFIER = "com.test.-03-Transform";
				PRODUCT_NAME = "$(TARGET_NAME)";
				TARGETED_DEVICE_FAMILY = "1,2";
			};
			name = Debug;
		};
		CD5F77382489E2110077AF4A /* Release */ = {
			isa = XCBuildConfiguration;
			buildSettings = {
				ASSETCATALOG_COMPILER_APPICON_NAME = AppIcon;
				CODE_SIGN_STYLE = Automatic;
				DEVELOPMENT_TEAM = 5D328A5U6F;
				INFOPLIST_FILE = 003.Transform/Info.plist;
				LD_RUNPATH_SEARCH_PATHS = (
					"$(inherited)",
					"@executable_path/Frameworks",
				);
				PRODUCT_BUNDLE_IDENTIFIER = "com.test.-03-Transform";
				PRODUCT_NAME = "$(TARGET_NAME)";
				TARGETED_DEVICE_FAMILY = "1,2";
			};
			name = Release;
		};
		CD5F77702489E3AB0077AF4A /* Debug */ = {
			isa = XCBuildConfiguration;
			buildSettings = {
				ASSETCATALOG_COMPILER_APPICON_NAME = AppIcon;
				CODE_SIGN_STYLE = Automatic;
				DEVELOPMENT_TEAM = 5D328A5U6F;
				INFOPLIST_FILE = "004.GLKit进阶/Info.plist";
				LD_RUNPATH_SEARCH_PATHS = (
					"$(inherited)",
					"@executable_path/Frameworks",
				);
				PRODUCT_BUNDLE_IDENTIFIER = "com.test.-04-GLKit--";
				PRODUCT_NAME = "$(TARGET_NAME)";
				TARGETED_DEVICE_FAMILY = "1,2";
			};
			name = Debug;
		};
		CD5F77712489E3AB0077AF4A /* Release */ = {
			isa = XCBuildConfiguration;
			buildSettings = {
				ASSETCATALOG_COMPILER_APPICON_NAME = AppIcon;
				CODE_SIGN_STYLE = Automatic;
				DEVELOPMENT_TEAM = 5D328A5U6F;
				INFOPLIST_FILE = "004.GLKit进阶/Info.plist";
				LD_RUNPATH_SEARCH_PATHS = (
					"$(inherited)",
					"@executable_path/Frameworks",
				);
				PRODUCT_BUNDLE_IDENTIFIER = "com.test.-04-GLKit--";
				PRODUCT_NAME = "$(TARGET_NAME)";
				TARGETED_DEVICE_FAMILY = "1,2";
			};
			name = Release;
		};
/* End XCBuildConfiguration section */

/* Begin XCConfigurationList section */
		CD5F76AA2489DFA40077AF4A /* Build configuration list for PBXProject "Mirco-OpenGLESDemo" */ = {
			isa = XCConfigurationList;
			buildConfigurations = (
				CD5F76C62489DFA60077AF4A /* Debug */,
				CD5F76C72489DFA60077AF4A /* Release */,
			);
			defaultConfigurationIsVisible = 0;
			defaultConfigurationName = Release;
		};
		CD5F76C82489DFA60077AF4A /* Build configuration list for PBXNativeTarget "Mirco-OpenGLESDemo" */ = {
			isa = XCConfigurationList;
			buildConfigurations = (
				CD5F76C92489DFA60077AF4A /* Debug */,
				CD5F76CA2489DFA60077AF4A /* Release */,
			);
			defaultConfigurationIsVisible = 0;
			defaultConfigurationName = Release;
		};
		CD5F76E52489E0550077AF4A /* Build configuration list for PBXNativeTarget "001.GLKit" */ = {
			isa = XCConfigurationList;
			buildConfigurations = (
				CD5F76E62489E0550077AF4A /* Debug */,
				CD5F76E72489E0550077AF4A /* Release */,
			);
			defaultConfigurationIsVisible = 0;
			defaultConfigurationName = Release;
		};
		CD5F77062489E1770077AF4A /* Build configuration list for PBXNativeTarget "002.Shader" */ = {
			isa = XCConfigurationList;
			buildConfigurations = (
				CD5F77072489E1770077AF4A /* Debug */,
				CD5F77082489E1770077AF4A /* Release */,
			);
			defaultConfigurationIsVisible = 0;
			defaultConfigurationName = Release;
		};
		CD5F77362489E2110077AF4A /* Build configuration list for PBXNativeTarget "003.Transform" */ = {
			isa = XCConfigurationList;
			buildConfigurations = (
				CD5F77372489E2110077AF4A /* Debug */,
				CD5F77382489E2110077AF4A /* Release */,
			);
			defaultConfigurationIsVisible = 0;
			defaultConfigurationName = Release;
		};
		CD5F776F2489E3AB0077AF4A /* Build configuration list for PBXNativeTarget "004.GLKit进阶" */ = {
			isa = XCConfigurationList;
			buildConfigurations = (
				CD5F77702489E3AB0077AF4A /* Debug */,
				CD5F77712489E3AB0077AF4A /* Release */,
			);
			defaultConfigurationIsVisible = 0;
			defaultConfigurationName = Release;
		};
/* End XCConfigurationList section */
	};
	rootObject = CD5F76A72489DFA40077AF4A /* Project object */;
}
