// !$*UTF8*$!
{
	archiveVersion = 1;
	classes = {
	};
	objectVersion = 50;
	objects = {

/* Begin PBXBuildFile section */
		CD6F551F24245BF400BD6C32 /* AppDelegate.m in Sources */ = {isa = PBXBuildFile; fileRef = CD6F551E24245BF400BD6C32 /* AppDelegate.m */; };
		CD6F552224245BF400BD6C32 /* SceneDelegate.m in Sources */ = {isa = PBXBuildFile; fileRef = CD6F552124245BF400BD6C32 /* SceneDelegate.m */; };
		CD6F552524245BF400BD6C32 /* ViewController.m in Sources */ = {isa = PBXBuildFile; fileRef = CD6F552424245BF400BD6C32 /* ViewController.m */; };
		CD6F552824245BF400BD6C32 /* Main.storyboard in Resources */ = {isa = PBXBuildFile; fileRef = CD6F552624245BF400BD6C32 /* Main.storyboard */; };
		CD6F552A24245BF600BD6C32 /* Assets.xcassets in Resources */ = {isa = PBXBuildFile; fileRef = CD6F552924245BF600BD6C32 /* Assets.xcassets */; };
		CD6F552D24245BF600BD6C32 /* LaunchScreen.storyboard in Resources */ = {isa = PBXBuildFile; fileRef = CD6F552B24245BF600BD6C32 /* LaunchScreen.storyboard */; };
		CD6F553024245BF600BD6C32 /* main.m in Sources */ = {isa = PBXBuildFile; fileRef = CD6F552F24245BF600BD6C32 /* main.m */; };
		CD6F553B24245C4B00BD6C32 /* shader.vsh in Resources */ = {isa = PBXBuildFile; fileRef = CD6F553624245C4B00BD6C32 /* shader.vsh */; };
		CD6F553C24245C4B00BD6C32 /* source.jpg in Resources */ = {isa = PBXBuildFile; fileRef = CD6F553724245C4B00BD6C32 /* source.jpg */; };
		CD6F553D24245C4B00BD6C32 /* shader.fsh in Resources */ = {isa = PBXBuildFile; fileRef = CD6F553924245C4B00BD6C32 /* shader.fsh */; };
		CD6F553E24245C4B00BD6C32 /* GLESView.m in Sources */ = {isa = PBXBuildFile; fileRef = CD6F553A24245C4B00BD6C32 /* GLESView.m */; };
		CD6F55462424659600BD6C32 /* GLESUtils.m in Sources */ = {isa = PBXBuildFile; fileRef = CD6F55402424659600BD6C32 /* GLESUtils.m */; };
		CD6F55472424659600BD6C32 /* GLESMath.c in Sources */ = {isa = PBXBuildFile; fileRef = CD6F55422424659600BD6C32 /* GLESMath.c */; };
/* End PBXBuildFile section */

/* Begin PBXFileReference section */
		CD6F551A24245BF400BD6C32 /* LearningOpenGLES.app */ = {isa = PBXFileReference; explicitFileType = wrapper.application; includeInIndex = 0; path = LearningOpenGLES.app; sourceTree = BUILT_PRODUCTS_DIR; };
		CD6F551D24245BF400BD6C32 /* AppDelegate.h */ = {isa = PBXFileReference; lastKnownFileType = sourcecode.c.h; path = AppDelegate.h; sourceTree = "<group>"; };
		CD6F551E24245BF400BD6C32 /* AppDelegate.m */ = {isa = PBXFileReference; lastKnownFileType = sourcecode.c.objc; path = AppDelegate.m; sourceTree = "<group>"; };
		CD6F552024245BF400BD6C32 /* SceneDelegate.h */ = {isa = PBXFileReference; lastKnownFileType = sourcecode.c.h; path = SceneDelegate.h; sourceTree = "<group>"; };
		CD6F552124245BF400BD6C32 /* SceneDelegate.m */ = {isa = PBXFileReference; lastKnownFileType = sourcecode.c.objc; path = SceneDelegate.m; sourceTree = "<group>"; };
		CD6F552324245BF400BD6C32 /* ViewController.h */ = {isa = PBXFileReference; lastKnownFileType = sourcecode.c.h; path = ViewController.h; sourceTree = "<group>"; };
		CD6F552424245BF400BD6C32 /* ViewController.m */ = {isa = PBXFileReference; lastKnownFileType = sourcecode.c.objc; path = ViewController.m; sourceTree = "<group>"; };
		CD6F552724245BF400BD6C32 /* Base */ = {isa = PBXFileReference; lastKnownFileType = file.storyboard; name = Base; path = Base.lproj/Main.storyboard; sourceTree = "<group>"; };
		CD6F552924245BF600BD6C32 /* Assets.xcassets */ = {isa = PBXFileReference; lastKnownFileType = folder.assetcatalog; path = Assets.xcassets; sourceTree = "<group>"; };
		CD6F552C24245BF600BD6C32 /* Base */ = {isa = PBXFileReference; lastKnownFileType = file.storyboard; name = Base; path = Base.lproj/LaunchScreen.storyboard; sourceTree = "<group>"; };
		CD6F552E24245BF600BD6C32 /* Info.plist */ = {isa = PBXFileReference; lastKnownFileType = text.plist.xml; path = Info.plist; sourceTree = "<group>"; };
		CD6F552F24245BF600BD6C32 /* main.m */ = {isa = PBXFileReference; lastKnownFileType = sourcecode.c.objc; path = main.m; sourceTree = "<group>"; };
		CD6F553624245C4B00BD6C32 /* shader.vsh */ = {isa = PBXFileReference; fileEncoding = 4; lastKnownFileType = sourcecode.glsl; path = shader.vsh; sourceTree = "<group>"; };
		CD6F553724245C4B00BD6C32 /* source.jpg */ = {isa = PBXFileReference; lastKnownFileType = image.jpeg; path = source.jpg; sourceTree = "<group>"; };
		CD6F553824245C4B00BD6C32 /* GLESView.h */ = {isa = PBXFileReference; fileEncoding = 4; lastKnownFileType = sourcecode.c.h; path = GLESView.h; sourceTree = "<group>"; };
		CD6F553924245C4B00BD6C32 /* shader.fsh */ = {isa = PBXFileReference; fileEncoding = 4; lastKnownFileType = sourcecode.glsl; path = shader.fsh; sourceTree = "<group>"; };
		CD6F553A24245C4B00BD6C32 /* GLESView.m */ = {isa = PBXFileReference; fileEncoding = 4; lastKnownFileType = sourcecode.c.objc; path = GLESView.m; sourceTree = "<group>"; };
		CD6F55402424659600BD6C32 /* GLESUtils.m */ = {isa = PBXFileReference; fileEncoding = 4; lastKnownFileType = sourcecode.c.objc; path = GLESUtils.m; sourceTree = "<group>"; };
		CD6F55412424659600BD6C32 /* Quaternion.h */ = {isa = PBXFileReference; fileEncoding = 4; lastKnownFileType = sourcecode.c.h; path = Quaternion.h; sourceTree = "<group>"; };
		CD6F55422424659600BD6C32 /* GLESMath.c */ = {isa = PBXFileReference; fileEncoding = 4; lastKnownFileType = sourcecode.c.c; path = GLESMath.c; sourceTree = "<group>"; };
		CD6F55432424659600BD6C32 /* GLESUtils.h */ = {isa = PBXFileReference; fileEncoding = 4; lastKnownFileType = sourcecode.c.h; path = GLESUtils.h; sourceTree = "<group>"; };
		CD6F55442424659600BD6C32 /* Vector.h */ = {isa = PBXFileReference; fileEncoding = 4; lastKnownFileType = sourcecode.c.h; path = Vector.h; sourceTree = "<group>"; };
		CD6F55452424659600BD6C32 /* GLESMath.h */ = {isa = PBXFileReference; fileEncoding = 4; lastKnownFileType = sourcecode.c.h; path = GLESMath.h; sourceTree = "<group>"; };
/* End PBXFileReference section */

/* Begin PBXFrameworksBuildPhase section */
		CD6F551724245BF400BD6C32 /* Frameworks */ = {
			isa = PBXFrameworksBuildPhase;
			buildActionMask = 2147483647;
			files = (
			);
			runOnlyForDeploymentPostprocessing = 0;
		};
/* End PBXFrameworksBuildPhase section */

/* Begin PBXGroup section */
		CD6F551124245BF400BD6C32 = {
			isa = PBXGroup;
			children = (
				CD6F551C24245BF400BD6C32 /* LearningOpenGLES */,
				CD6F551B24245BF400BD6C32 /* Products */,
			);
			sourceTree = "<group>";
		};
		CD6F551B24245BF400BD6C32 /* Products */ = {
			isa = PBXGroup;
			children = (
				CD6F551A24245BF400BD6C32 /* LearningOpenGLES.app */,
			);
			name = Products;
			sourceTree = "<group>";
		};
		CD6F551C24245BF400BD6C32 /* LearningOpenGLES */ = {
			isa = PBXGroup;
			children = (
				CD6F553F2424659600BD6C32 /* Utils */,
				CD6F553824245C4B00BD6C32 /* GLESView.h */,
				CD6F553A24245C4B00BD6C32 /* GLESView.m */,
				CD6F553624245C4B00BD6C32 /* shader.vsh */,
				CD6F553924245C4B00BD6C32 /* shader.fsh */,
				CD6F553724245C4B00BD6C32 /* source.jpg */,
				CD6F551D24245BF400BD6C32 /* AppDelegate.h */,
				CD6F551E24245BF400BD6C32 /* AppDelegate.m */,
				CD6F552024245BF400BD6C32 /* SceneDelegate.h */,
				CD6F552124245BF400BD6C32 /* SceneDelegate.m */,
				CD6F552324245BF400BD6C32 /* ViewController.h */,
				CD6F552424245BF400BD6C32 /* ViewController.m */,
				CD6F552624245BF400BD6C32 /* Main.storyboard */,
				CD6F552924245BF600BD6C32 /* Assets.xcassets */,
				CD6F552B24245BF600BD6C32 /* LaunchScreen.storyboard */,
				CD6F552E24245BF600BD6C32 /* Info.plist */,
				CD6F552F24245BF600BD6C32 /* main.m */,
			);
			path = LearningOpenGLES;
			sourceTree = "<group>";
		};
		CD6F553F2424659600BD6C32 /* Utils */ = {
			isa = PBXGroup;
			children = (
				CD6F55432424659600BD6C32 /* GLESUtils.h */,
				CD6F55402424659600BD6C32 /* GLESUtils.m */,
				CD6F55412424659600BD6C32 /* Quaternion.h */,
				CD6F55442424659600BD6C32 /* Vector.h */,
				CD6F55452424659600BD6C32 /* GLESMath.h */,
				CD6F55422424659600BD6C32 /* GLESMath.c */,
			);
			path = Utils;
			sourceTree = "<group>";
		};
/* End PBXGroup section */

/* Begin PBXNativeTarget section */
		CD6F551924245BF400BD6C32 /* LearningOpenGLES */ = {
			isa = PBXNativeTarget;
			buildConfigurationList = CD6F553324245BF600BD6C32 /* Build configuration list for PBXNativeTarget "LearningOpenGLES" */;
			buildPhases = (
				CD6F551624245BF400BD6C32 /* Sources */,
				CD6F551724245BF400BD6C32 /* Frameworks */,
				CD6F551824245BF400BD6C32 /* Resources */,
			);
			buildRules = (
			);
			dependencies = (
			);
			name = LearningOpenGLES;
			productName = LearningOpenGLES;
			productReference = CD6F551A24245BF400BD6C32 /* LearningOpenGLES.app */;
			productType = "com.apple.product-type.application";
		};
/* End PBXNativeTarget section */

/* Begin PBXProject section */
		CD6F551224245BF400BD6C32 /* Project object */ = {
			isa = PBXProject;
			attributes = {
				LastUpgradeCheck = 1130;
				ORGANIZATIONNAME = Melody;
				TargetAttributes = {
					CD6F551924245BF400BD6C32 = {
						CreatedOnToolsVersion = 11.3.1;
					};
				};
			};
			buildConfigurationList = CD6F551524245BF400BD6C32 /* Build configuration list for PBXProject "LearningOpenGLES" */;
			compatibilityVersion = "Xcode 9.3";
			developmentRegion = en;
			hasScannedForEncodings = 0;
			knownRegions = (
				en,
				Base,
			);
			mainGroup = CD6F551124245BF400BD6C32;
			productRefGroup = CD6F551B24245BF400BD6C32 /* Products */;
			projectDirPath = "";
			projectRoot = "";
			targets = (
				CD6F551924245BF400BD6C32 /* LearningOpenGLES */,
			);
		};
/* End PBXProject section */

/* Begin PBXResourcesBuildPhase section */
		CD6F551824245BF400BD6C32 /* Resources */ = {
			isa = PBXResourcesBuildPhase;
			buildActionMask = 2147483647;
			files = (
				CD6F553C24245C4B00BD6C32 /* source.jpg in Resources */,
				CD6F553B24245C4B00BD6C32 /* shader.vsh in Resources */,
				CD6F553D24245C4B00BD6C32 /* shader.fsh in Resources */,
				CD6F552D24245BF600BD6C32 /* LaunchScreen.storyboard in Resources */,
				CD6F552A24245BF600BD6C32 /* Assets.xcassets in Resources */,
				CD6F552824245BF400BD6C32 /* Main.storyboard in Resources */,
			);
			runOnlyForDeploymentPostprocessing = 0;
		};
/* End PBXResourcesBuildPhase section */

/* Begin PBXSourcesBuildPhase section */
		CD6F551624245BF400BD6C32 /* Sources */ = {
			isa = PBXSourcesBuildPhase;
			buildActionMask = 2147483647;
			files = (
				CD6F552524245BF400BD6C32 /* ViewController.m in Sources */,
				CD6F551F24245BF400BD6C32 /* AppDelegate.m in Sources */,
				CD6F55472424659600BD6C32 /* GLESMath.c in Sources */,
				CD6F553E24245C4B00BD6C32 /* GLESView.m in Sources */,
				CD6F553024245BF600BD6C32 /* main.m in Sources */,
				CD6F55462424659600BD6C32 /* GLESUtils.m in Sources */,
				CD6F552224245BF400BD6C32 /* SceneDelegate.m in Sources */,
			);
			runOnlyForDeploymentPostprocessing = 0;
		};
/* End PBXSourcesBuildPhase section */

/* Begin PBXVariantGroup section */
		CD6F552624245BF400BD6C32 /* Main.storyboard */ = {
			isa = PBXVariantGroup;
			children = (
				CD6F552724245BF400BD6C32 /* Base */,
			);
			name = Main.storyboard;
			sourceTree = "<group>";
		};
		CD6F552B24245BF600BD6C32 /* LaunchScreen.storyboard */ = {
			isa = PBXVariantGroup;
			children = (
				CD6F552C24245BF600BD6C32 /* Base */,
			);
			name = LaunchScreen.storyboard;
			sourceTree = "<group>";
		};
/* End PBXVariantGroup section */

/* Begin XCBuildConfiguration section */
		CD6F553124245BF600BD6C32 /* Debug */ = {
			isa = XCBuildConfiguration;
			buildSettings = {
				ALWAYS_SEARCH_USER_PATHS = NO;
				CLANG_ANALYZER_NONNULL = YES;
				CLANG_ANALYZER_NUMBER_OBJECT_CONVERSION = YES_AGGRESSIVE;
				CLANG_CXX_LANGUAGE_STANDARD = "gnu++14";
				CLANG_CXX_LIBRARY = "libc++";
				CLANG_ENABLE_MODULES = YES;
				CLANG_ENABLE_OBJC_ARC = YES;
				CLANG_ENABLE_OBJC_WEAK = YES;
				CLANG_WARN_BLOCK_CAPTURE_AUTORELEASING = YES;
				CLANG_WARN_BOOL_CONVERSION = YES;
				CLANG_WARN_COMMA = YES;
				CLANG_WARN_CONSTANT_CONVERSION = YES;
				CLANG_WARN_DEPRECATED_OBJC_IMPLEMENTATIONS = YES;
				CLANG_WARN_DIRECT_OBJC_ISA_USAGE = YES_ERROR;
				CLANG_WARN_DOCUMENTATION_COMMENTS = YES;
				CLANG_WARN_EMPTY_BODY = YES;
				CLANG_WARN_ENUM_CONVERSION = YES;
				CLANG_WARN_INFINITE_RECURSION = YES;
				CLANG_WARN_INT_CONVERSION = YES;
				CLANG_WARN_NON_LITERAL_NULL_CONVERSION = YES;
				CLANG_WARN_OBJC_IMPLICIT_RETAIN_SELF = YES;
				CLANG_WARN_OBJC_LITERAL_CONVERSION = YES;
				CLANG_WARN_OBJC_ROOT_CLASS = YES_ERROR;
				CLANG_WARN_RANGE_LOOP_ANALYSIS = YES;
				CLANG_WARN_STRICT_PROTOTYPES = YES;
				CLANG_WARN_SUSPICIOUS_MOVE = YES;
				CLANG_WARN_UNGUARDED_AVAILABILITY = YES_AGGRESSIVE;
				CLANG_WARN_UNREACHABLE_CODE = YES;
				CLANG_WARN__DUPLICATE_METHOD_MATCH = YES;
				COPY_PHASE_STRIP = NO;
				DEBUG_INFORMATION_FORMAT = dwarf;
				ENABLE_STRICT_OBJC_MSGSEND = YES;
				ENABLE_TESTABILITY = YES;
				GCC_C_LANGUAGE_STANDARD = gnu11;
				GCC_DYNAMIC_NO_PIC = NO;
				GCC_NO_COMMON_BLOCKS = YES;
				GCC_OPTIMIZATION_LEVEL = 0;
				GCC_PREPROCESSOR_DEFINITIONS = (
					"DEBUG=1",
					"$(inherited)",
				);
				GCC_WARN_64_TO_32_BIT_CONVERSION = YES;
				GCC_WARN_ABOUT_RETURN_TYPE = YES_ERROR;
				GCC_WARN_UNDECLARED_SELECTOR = YES;
				GCC_WARN_UNINITIALIZED_AUTOS = YES_AGGRESSIVE;
				GCC_WARN_UNUSED_FUNCTION = YES;
				GCC_WARN_UNUSED_VARIABLE = YES;
				IPHONEOS_DEPLOYMENT_TARGET = 13.2;
				MTL_ENABLE_DEBUG_INFO = INCLUDE_SOURCE;
				MTL_FAST_MATH = YES;
				ONLY_ACTIVE_ARCH = YES;
				SDKROOT = iphoneos;
			};
			name = Debug;
		};
		CD6F553224245BF600BD6C32 /* Release */ = {
			isa = XCBuildConfiguration;
			buildSettings = {
				ALWAYS_SEARCH_USER_PATHS = NO;
				CLANG_ANALYZER_NONNULL = YES;
				CLANG_ANALYZER_NUMBER_OBJECT_CONVERSION = YES_AGGRESSIVE;
				CLANG_CXX_LANGUAGE_STANDARD = "gnu++14";
				CLANG_CXX_LIBRARY = "libc++";
				CLANG_ENABLE_MODULES = YES;
				CLANG_ENABLE_OBJC_ARC = YES;
				CLANG_ENABLE_OBJC_WEAK = YES;
				CLANG_WARN_BLOCK_CAPTURE_AUTORELEASING = YES;
				CLANG_WARN_BOOL_CONVERSION = YES;
				CLANG_WARN_COMMA = YES;
				CLANG_WARN_CONSTANT_CONVERSION = YES;
				CLANG_WARN_DEPRECATED_OBJC_IMPLEMENTATIONS = YES;
				CLANG_WARN_DIRECT_OBJC_ISA_USAGE = YES_ERROR;
				CLANG_WARN_DOCUMENTATION_COMMENTS = YES;
				CLANG_WARN_EMPTY_BODY = YES;
				CLANG_WARN_ENUM_CONVERSION = YES;
				CLANG_WARN_INFINITE_RECURSION = YES;
				CLANG_WARN_INT_CONVERSION = YES;
				CLANG_WARN_NON_LITERAL_NULL_CONVERSION = YES;
				CLANG_WARN_OBJC_IMPLICIT_RETAIN_SELF = YES;
				CLANG_WARN_OBJC_LITERAL_CONVERSION = YES;
				CLANG_WARN_OBJC_ROOT_CLASS = YES_ERROR;
				CLANG_WARN_RANGE_LOOP_ANALYSIS = YES;
				CLANG_WARN_STRICT_PROTOTYPES = YES;
				CLANG_WARN_SUSPICIOUS_MOVE = YES;
				CLANG_WARN_UNGUARDED_AVAILABILITY = YES_AGGRESSIVE;
				CLANG_WARN_UNREACHABLE_CODE = YES;
				CLANG_WARN__DUPLICATE_METHOD_MATCH = YES;
				COPY_PHASE_STRIP = NO;
				DEBUG_INFORMATION_FORMAT = "dwarf-with-dsym";
				ENABLE_NS_ASSERTIONS = NO;
				ENABLE_STRICT_OBJC_MSGSEND = YES;
				GCC_C_LANGUAGE_STANDARD = gnu11;
				GCC_NO_COMMON_BLOCKS = YES;
				GCC_WARN_64_TO_32_BIT_CONVERSION = YES;
				GCC_WARN_ABOUT_RETURN_TYPE = YES_ERROR;
				GCC_WARN_UNDECLARED_SELECTOR = YES;
				GCC_WARN_UNINITIALIZED_AUTOS = YES_AGGRESSIVE;
				GCC_WARN_UNUSED_FUNCTION = YES;
				GCC_WARN_UNUSED_VARIABLE = YES;
				IPHONEOS_DEPLOYMENT_TARGET = 13.2;
				MTL_ENABLE_DEBUG_INFO = NO;
				MTL_FAST_MATH = YES;
				SDKROOT = iphoneos;
				VALIDATE_PRODUCT = YES;
			};
			name = Release;
		};
		CD6F553424245BF600BD6C32 /* Debug */ = {
			isa = XCBuildConfiguration;
			buildSettings = {
				ASSETCATALOG_COMPILER_APPICON_NAME = AppIcon;
				CODE_SIGN_STYLE = Automatic;
				INFOPLIST_FILE = LearningOpenGLES/Info.plist;
				LD_RUNPATH_SEARCH_PATHS = (
					"$(inherited)",
					"@executable_path/Frameworks",
				);
				PRODUCT_BUNDLE_IDENTIFIER = com.test.LearningOpenGLES;
				PRODUCT_NAME = "$(TARGET_NAME)";
				TARGETED_DEVICE_FAMILY = "1,2";
			};
			name = Debug;
		};
		CD6F553524245BF600BD6C32 /* Release */ = {
			isa = XCBuildConfiguration;
			buildSettings = {
				ASSETCATALOG_COMPILER_APPICON_NAME = AppIcon;
				CODE_SIGN_STYLE = Automatic;
				INFOPLIST_FILE = LearningOpenGLES/Info.plist;
				LD_RUNPATH_SEARCH_PATHS = (
					"$(inherited)",
					"@executable_path/Frameworks",
				);
				PRODUCT_BUNDLE_IDENTIFIER = com.test.LearningOpenGLES;
				PRODUCT_NAME = "$(TARGET_NAME)";
				TARGETED_DEVICE_FAMILY = "1,2";
			};
			name = Release;
		};
/* End XCBuildConfiguration section */

/* Begin XCConfigurationList section */
		CD6F551524245BF400BD6C32 /* Build configuration list for PBXProject "LearningOpenGLES" */ = {
			isa = XCConfigurationList;
			buildConfigurations = (
				CD6F553124245BF600BD6C32 /* Debug */,
				CD6F553224245BF600BD6C32 /* Release */,
			);
			defaultConfigurationIsVisible = 0;
			defaultConfigurationName = Release;
		};
		CD6F553324245BF600BD6C32 /* Build configuration list for PBXNativeTarget "LearningOpenGLES" */ = {
			isa = XCConfigurationList;
			buildConfigurations = (
				CD6F553424245BF600BD6C32 /* Debug */,
				CD6F553524245BF600BD6C32 /* Release */,
			);
			defaultConfigurationIsVisible = 0;
			defaultConfigurationName = Release;
		};
/* End XCConfigurationList section */
	};
	rootObject = CD6F551224245BF400BD6C32 /* Project object */;
}
